// !$*UTF8*$!
{
	archiveVersion = 1;
	classes = {
	};
	objectVersion = 56;
	objects = {

/* Begin PBXBuildFile section */
		260FFE2E2BCAEEB800B0102D /* DriverResultHeader.xib in Resources */ = {isa = PBXBuildFile; fileRef = 260FFE2D2BCAEEB800B0102D /* DriverResultHeader.xib */; };
		260FFE302BCAEFE900B0102D /* DriverResultHeader.swift in Sources */ = {isa = PBXBuildFile; fileRef = 260FFE2F2BCAEFE900B0102D /* DriverResultHeader.swift */; };
		260FFE342BCBB1B800B0102D /* Constructor.storyboard in Resources */ = {isa = PBXBuildFile; fileRef = 260FFE332BCBB1B800B0102D /* Constructor.storyboard */; };
		260FFE372BCBDA5B00B0102D /* ConstructorResultHeader.xib in Resources */ = {isa = PBXBuildFile; fileRef = 260FFE362BCBDA5B00B0102D /* ConstructorResultHeader.xib */; };
		260FFE392BCBDA8400B0102D /* ConstructorTableViewCell.xib in Resources */ = {isa = PBXBuildFile; fileRef = 260FFE382BCBDA8400B0102D /* ConstructorTableViewCell.xib */; };
		260FFE3B2BCBDA9500B0102D /* ConstructorResultHeader.swift in Sources */ = {isa = PBXBuildFile; fileRef = 260FFE3A2BCBDA9500B0102D /* ConstructorResultHeader.swift */; };
		260FFE3D2BCBDAB000B0102D /* constructorTableViewCell.swift in Sources */ = {isa = PBXBuildFile; fileRef = 260FFE3C2BCBDAB000B0102D /* constructorTableViewCell.swift */; };
		2629DFA42BBC22D600EC6139 /* AppDelegate.swift in Sources */ = {isa = PBXBuildFile; fileRef = 2629DFA32BBC22D600EC6139 /* AppDelegate.swift */; };
		2629DFA62BBC22D600EC6139 /* SceneDelegate.swift in Sources */ = {isa = PBXBuildFile; fileRef = 2629DFA52BBC22D600EC6139 /* SceneDelegate.swift */; };
		2629DFA82BBC22D600EC6139 /* ViewController.swift in Sources */ = {isa = PBXBuildFile; fileRef = 2629DFA72BBC22D600EC6139 /* ViewController.swift */; };
		2629DFAB2BBC22D600EC6139 /* Main.storyboard in Resources */ = {isa = PBXBuildFile; fileRef = 2629DFA92BBC22D600EC6139 /* Main.storyboard */; };
		2629DFAD2BBC22D900EC6139 /* Assets.xcassets in Resources */ = {isa = PBXBuildFile; fileRef = 2629DFAC2BBC22D900EC6139 /* Assets.xcassets */; };
		2629DFBB2BBC22D900EC6139 /* F1Tests.swift in Sources */ = {isa = PBXBuildFile; fileRef = 2629DFBA2BBC22D900EC6139 /* F1Tests.swift */; };
		2629DFC52BBC22D900EC6139 /* F1UITests.swift in Sources */ = {isa = PBXBuildFile; fileRef = 2629DFC42BBC22D900EC6139 /* F1UITests.swift */; };
		2629DFC72BBC22D900EC6139 /* F1UITestsLaunchTests.swift in Sources */ = {isa = PBXBuildFile; fileRef = 2629DFC62BBC22D900EC6139 /* F1UITestsLaunchTests.swift */; };
		2629E02D2BBC354D00EC6139 /* ServiceErrors.swift in Sources */ = {isa = PBXBuildFile; fileRef = 2629E02C2BBC354D00EC6139 /* ServiceErrors.swift */; };
		2629E0322BBC35C200EC6139 /* DriverStandingsViewModel.swift in Sources */ = {isa = PBXBuildFile; fileRef = 2629E02F2BBC35C100EC6139 /* DriverStandingsViewModel.swift */; };
		2629E03B2BBC366800EC6139 /* ConstructorStandingsViewModel.swift in Sources */ = {isa = PBXBuildFile; fileRef = 2629E0382BBC366800EC6139 /* ConstructorStandingsViewModel.swift */; };
		2629E0452BBC390400EC6139 /* Racing.swift in Sources */ = {isa = PBXBuildFile; fileRef = 2629E03E2BBC390400EC6139 /* Racing.swift */; };
		2629E0462BBC390400EC6139 /* ConstructorStandings.swift in Sources */ = {isa = PBXBuildFile; fileRef = 2629E03F2BBC390400EC6139 /* ConstructorStandings.swift */; };
		2629E0472BBC390400EC6139 /* DriverStandings.swift in Sources */ = {isa = PBXBuildFile; fileRef = 2629E0402BBC390400EC6139 /* DriverStandings.swift */; };
		2629E0482BBC390400EC6139 /* Constructor.swift in Sources */ = {isa = PBXBuildFile; fileRef = 2629E0412BBC390400EC6139 /* Constructor.swift */; };
		2629E0492BBC390400EC6139 /* Driver.swift in Sources */ = {isa = PBXBuildFile; fileRef = 2629E0422BBC390400EC6139 /* Driver.swift */; };
		2629E04B2BBC390400EC6139 /* CircuitDetail.swift in Sources */ = {isa = PBXBuildFile; fileRef = 2629E0442BBC390400EC6139 /* CircuitDetail.swift */; };
		2629E04E2BBC3A7500EC6139 /* Driver.storyboard in Resources */ = {isa = PBXBuildFile; fileRef = 2629E04D2BBC3A7500EC6139 /* Driver.storyboard */; };
		2629E0502BBC3A8800EC6139 /* DriverViewModel.swift in Sources */ = {isa = PBXBuildFile; fileRef = 2629E04F2BBC3A8800EC6139 /* DriverViewModel.swift */; };
		2629E0522BBC3A9800EC6139 /* DriverViewController.swift in Sources */ = {isa = PBXBuildFile; fileRef = 2629E0512BBC3A9800EC6139 /* DriverViewController.swift */; };
		2629E0552BBC43C100EC6139 /* ConstructorViewController.swift in Sources */ = {isa = PBXBuildFile; fileRef = 2629E0542BBC43C100EC6139 /* ConstructorViewController.swift */; };
		2629E0572BBC43CC00EC6139 /* ConstructorViewModel.swift in Sources */ = {isa = PBXBuildFile; fileRef = 2629E0562BBC43CC00EC6139 /* ConstructorViewModel.swift */; };
		2629E05B2BBC5AC600EC6139 /* ConstructorRepository.swift in Sources */ = {isa = PBXBuildFile; fileRef = 2629E05A2BBC5AC600EC6139 /* ConstructorRepository.swift */; };
		2629E05F2BBD353C00EC6139 /* URLSession+Extension.swift in Sources */ = {isa = PBXBuildFile; fileRef = 2629E05E2BBD353C00EC6139 /* URLSession+Extension.swift */; };
		2629E0622BBD370C00EC6139 /* DriverRepository.swift in Sources */ = {isa = PBXBuildFile; fileRef = 2629E0612BBD370C00EC6139 /* DriverRepository.swift */; };
		2629E0652BBD37D500EC6139 /* ConstructorStandingsRepository.swift in Sources */ = {isa = PBXBuildFile; fileRef = 2629E0642BBD37D500EC6139 /* ConstructorStandingsRepository.swift */; };
		2629E0692BBD38B700EC6139 /* DriverStandingsRepository.swift in Sources */ = {isa = PBXBuildFile; fileRef = 2629E0682BBD38B700EC6139 /* DriverStandingsRepository.swift */; };
		2629E0722BBD941B00EC6139 /* Results.storyboard in Resources */ = {isa = PBXBuildFile; fileRef = 2629E0712BBD941B00EC6139 /* Results.storyboard */; };
		2629E0752BBD943900EC6139 /* ResultsRepository.swift in Sources */ = {isa = PBXBuildFile; fileRef = 2629E0742BBD943900EC6139 /* ResultsRepository.swift */; };
		2629E0772BBD944700EC6139 /* ResultsViewModel.swift in Sources */ = {isa = PBXBuildFile; fileRef = 2629E0762BBD944700EC6139 /* ResultsViewModel.swift */; };
		2629E0792BBD945500EC6139 /* ResultsViewController.swift in Sources */ = {isa = PBXBuildFile; fileRef = 2629E0782BBD945500EC6139 /* ResultsViewController.swift */; };
		2629E07D2BBDE00400EC6139 /* RaceViewModel.swift in Sources */ = {isa = PBXBuildFile; fileRef = 2629E07C2BBDE00400EC6139 /* RaceViewModel.swift */; };
		2629E07F2BBDE01100EC6139 /* RaceRepository.swift in Sources */ = {isa = PBXBuildFile; fileRef = 2629E07E2BBDE01100EC6139 /* RaceRepository.swift */; };
		2629E0812BBDE01D00EC6139 /* RaceViewController.swift in Sources */ = {isa = PBXBuildFile; fileRef = 2629E0802BBDE01D00EC6139 /* RaceViewController.swift */; };
		2629E0832BBDE02A00EC6139 /* Race.storyboard in Resources */ = {isa = PBXBuildFile; fileRef = 2629E0822BBDE02A00EC6139 /* Race.storyboard */; };
		2629E0872BBE846400EC6139 /* Tab Bar.storyboard in Resources */ = {isa = PBXBuildFile; fileRef = 2629E0862BBE846400EC6139 /* Tab Bar.storyboard */; };
		26326BC22BDEA9B90042FA27 /* RacingCollectionViewCell.swift in Sources */ = {isa = PBXBuildFile; fileRef = 26326BC02BDEA9B90042FA27 /* RacingCollectionViewCell.swift */; };
		26326BC32BDEA9B90042FA27 /* RacingCollectionViewCell.xib in Resources */ = {isa = PBXBuildFile; fileRef = 26326BC12BDEA9B90042FA27 /* RacingCollectionViewCell.xib */; };
		26326BC52BDEAB9A0042FA27 /* RacingViewController.swift in Sources */ = {isa = PBXBuildFile; fileRef = 26326BC42BDEAB9A0042FA27 /* RacingViewController.swift */; };
		26326BC72BDF7E050042FA27 /* RaceViewModelTests.swift in Sources */ = {isa = PBXBuildFile; fileRef = 26326BC62BDF7E050042FA27 /* RaceViewModelTests.swift */; };
		26326BCB2BE6110E0042FA27 /* RacingResults.swift in Sources */ = {isa = PBXBuildFile; fileRef = 26326BCA2BE6110E0042FA27 /* RacingResults.swift */; };
		26326BCD2BE61D4B0042FA27 /* ResultsViewModelTests.swift in Sources */ = {isa = PBXBuildFile; fileRef = 26326BCC2BE61D4B0042FA27 /* ResultsViewModelTests.swift */; };
		26326C0D2BE816750042FA27 /* StandingsViewModelTests.swift in Sources */ = {isa = PBXBuildFile; fileRef = 26326C0C2BE816750042FA27 /* StandingsViewModelTests.swift */; };
		26326C0F2BE816980042FA27 /* DriverStandingsViewModelTests.swift in Sources */ = {isa = PBXBuildFile; fileRef = 26326C0E2BE816980042FA27 /* DriverStandingsViewModelTests.swift */; };
		26326C112BE8A3950042FA27 /* ConstructorStandingsViewModelTests.swift in Sources */ = {isa = PBXBuildFile; fileRef = 26326C102BE8A3950042FA27 /* ConstructorStandingsViewModelTests.swift */; };
		26326C132BE92A1F0042FA27 /* LoginViewModelTests.swift in Sources */ = {isa = PBXBuildFile; fileRef = 26326C122BE92A1F0042FA27 /* LoginViewModelTests.swift */; };
		26B97EBE2BD3E58C00EA34A3 /* RaceScheduleTableViewCell.swift in Sources */ = {isa = PBXBuildFile; fileRef = 26B97EBC2BD3E58C00EA34A3 /* RaceScheduleTableViewCell.swift */; };
		26B97EBF2BD3E58C00EA34A3 /* RaceScheduleTableViewCell.xib in Resources */ = {isa = PBXBuildFile; fileRef = 26B97EBD2BD3E58C00EA34A3 /* RaceScheduleTableViewCell.xib */; };
		26C993762BBFE5070041F3B1 /* LaunchScreen.storyboard in Resources */ = {isa = PBXBuildFile; fileRef = 26C993752BBFE5070041F3B1 /* LaunchScreen.storyboard */; };
		26C993B82BC3E9920041F3B1 /* AllResultsTableViewCell.swift in Sources */ = {isa = PBXBuildFile; fileRef = 26C993B62BC3E9920041F3B1 /* AllResultsTableViewCell.swift */; };
		26C993B92BC3E9920041F3B1 /* AllResultsTableViewCell.xib in Resources */ = {isa = PBXBuildFile; fileRef = 26C993B72BC3E9920041F3B1 /* AllResultsTableViewCell.xib */; };
		26C993BB2BC3FB6A0041F3B1 /* RacingResultViewController.swift in Sources */ = {isa = PBXBuildFile; fileRef = 26C993BA2BC3FB6A0041F3B1 /* RacingResultViewController.swift */; };
		26C993BE2BC3FB7D0041F3B1 /* RaceResultTableViewCell.swift in Sources */ = {isa = PBXBuildFile; fileRef = 26C993BC2BC3FB7D0041F3B1 /* RaceResultTableViewCell.swift */; };
		26C993BF2BC3FB7D0041F3B1 /* RaceResultTableViewCell.xib in Resources */ = {isa = PBXBuildFile; fileRef = 26C993BD2BC3FB7D0041F3B1 /* RaceResultTableViewCell.xib */; };
		26C993C52BC52C9B0041F3B1 /* RaceResultHeader.swift in Sources */ = {isa = PBXBuildFile; fileRef = 26C993C42BC52C9B0041F3B1 /* RaceResultHeader.swift */; };
		26C993C72BC535B10041F3B1 /* RaceResultHeader.xib in Resources */ = {isa = PBXBuildFile; fileRef = 26C993C62BC535B10041F3B1 /* RaceResultHeader.xib */; };
		26C993D02BC6B3BA0041F3B1 /* LoginViewModel.swift in Sources */ = {isa = PBXBuildFile; fileRef = 26C993CF2BC6B3BA0041F3B1 /* LoginViewModel.swift */; };
		26C993D22BC6B3D40041F3B1 /* LoginViewController.swift in Sources */ = {isa = PBXBuildFile; fileRef = 26C993D12BC6B3D40041F3B1 /* LoginViewController.swift */; };
		26C993D42BC6B3E20041F3B1 /* Login.storyboard in Resources */ = {isa = PBXBuildFile; fileRef = 26C993D32BC6B3E20041F3B1 /* Login.storyboard */; };
		26C993E52BC7289E0041F3B1 /* Standings.storyboard in Resources */ = {isa = PBXBuildFile; fileRef = 26C993E42BC7289E0041F3B1 /* Standings.storyboard */; };
		26C993E72BC729A70041F3B1 /* StandingsViewController.swift in Sources */ = {isa = PBXBuildFile; fileRef = 26C993E62BC729A70041F3B1 /* StandingsViewController.swift */; };
		26C993E92BC72A9D0041F3B1 /* DriverStandingTableViewCell.xib in Resources */ = {isa = PBXBuildFile; fileRef = 26C993E82BC72A9D0041F3B1 /* DriverStandingTableViewCell.xib */; };
		26C993EB2BC72ACD0041F3B1 /* DriverStandingTableViewCell.swift in Sources */ = {isa = PBXBuildFile; fileRef = 26C993EA2BC72ACD0041F3B1 /* DriverStandingTableViewCell.swift */; };
		26C993ED2BC7BC970041F3B1 /* ConstructorStandingTableViewCell.xib in Resources */ = {isa = PBXBuildFile; fileRef = 26C993EC2BC7BC970041F3B1 /* ConstructorStandingTableViewCell.xib */; };
		26C993EF2BC7BCA50041F3B1 /* ConstructorStandingTableViewCell.swift in Sources */ = {isa = PBXBuildFile; fileRef = 26C993EE2BC7BCA50041F3B1 /* ConstructorStandingTableViewCell.swift */; };
		26C993F62BCA73830041F3B1 /* driverTableViewCell.swift in Sources */ = {isa = PBXBuildFile; fileRef = 26C993F52BCA73830041F3B1 /* driverTableViewCell.swift */; };
		26C993F82BCA73BD0041F3B1 /* DriverTableViewCell.xib in Resources */ = {isa = PBXBuildFile; fileRef = 26C993F72BCA73BD0041F3B1 /* DriverTableViewCell.xib */; };
		26FAA2F92BD2A874002B12EA /* StandigsViewModel.swift in Sources */ = {isa = PBXBuildFile; fileRef = 26FAA2F82BD2A874002B12EA /* StandigsViewModel.swift */; };
		26FAA2FB2BD2B359002B12EA /* Constants.swift in Sources */ = {isa = PBXBuildFile; fileRef = 26FAA2FA2BD2B359002B12EA /* Constants.swift */; };
/* End PBXBuildFile section */

/* Begin PBXContainerItemProxy section */
		2629DFB72BBC22D900EC6139 /* PBXContainerItemProxy */ = {
			isa = PBXContainerItemProxy;
			containerPortal = 2629DF982BBC22D600EC6139 /* Project object */;
			proxyType = 1;
			remoteGlobalIDString = 2629DF9F2BBC22D600EC6139;
			remoteInfo = F1;
		};
		2629DFC12BBC22D900EC6139 /* PBXContainerItemProxy */ = {
			isa = PBXContainerItemProxy;
			containerPortal = 2629DF982BBC22D600EC6139 /* Project object */;
			proxyType = 1;
			remoteGlobalIDString = 2629DF9F2BBC22D600EC6139;
			remoteInfo = F1;
		};
/* End PBXContainerItemProxy section */

/* Begin PBXFileReference section */
		260FFE2D2BCAEEB800B0102D /* DriverResultHeader.xib */ = {isa = PBXFileReference; fileEncoding = 4; lastKnownFileType = file.xib; path = DriverResultHeader.xib; sourceTree = "<group>"; };
		260FFE2F2BCAEFE900B0102D /* DriverResultHeader.swift */ = {isa = PBXFileReference; fileEncoding = 4; lastKnownFileType = sourcecode.swift; path = DriverResultHeader.swift; sourceTree = "<group>"; };
		260FFE332BCBB1B800B0102D /* Constructor.storyboard */ = {isa = PBXFileReference; fileEncoding = 4; lastKnownFileType = file.storyboard; path = Constructor.storyboard; sourceTree = "<group>"; };
		260FFE362BCBDA5B00B0102D /* ConstructorResultHeader.xib */ = {isa = PBXFileReference; fileEncoding = 4; lastKnownFileType = file.xib; name = ConstructorResultHeader.xib; path = ../Driver/ConstructorResultHeader.xib; sourceTree = "<group>"; };
		260FFE382BCBDA8400B0102D /* ConstructorTableViewCell.xib */ = {isa = PBXFileReference; fileEncoding = 4; lastKnownFileType = file.xib; path = ConstructorTableViewCell.xib; sourceTree = "<group>"; };
		260FFE3A2BCBDA9500B0102D /* ConstructorResultHeader.swift */ = {isa = PBXFileReference; fileEncoding = 4; lastKnownFileType = sourcecode.swift; path = ConstructorResultHeader.swift; sourceTree = "<group>"; };
		260FFE3C2BCBDAB000B0102D /* constructorTableViewCell.swift */ = {isa = PBXFileReference; fileEncoding = 4; lastKnownFileType = sourcecode.swift; path = constructorTableViewCell.swift; sourceTree = "<group>"; };
		2629DFA02BBC22D600EC6139 /* F1.app */ = {isa = PBXFileReference; explicitFileType = wrapper.application; includeInIndex = 0; path = F1.app; sourceTree = BUILT_PRODUCTS_DIR; };
		2629DFA32BBC22D600EC6139 /* AppDelegate.swift */ = {isa = PBXFileReference; lastKnownFileType = sourcecode.swift; path = AppDelegate.swift; sourceTree = "<group>"; };
		2629DFA52BBC22D600EC6139 /* SceneDelegate.swift */ = {isa = PBXFileReference; lastKnownFileType = sourcecode.swift; path = SceneDelegate.swift; sourceTree = "<group>"; };
		2629DFA72BBC22D600EC6139 /* ViewController.swift */ = {isa = PBXFileReference; lastKnownFileType = sourcecode.swift; path = ViewController.swift; sourceTree = "<group>"; };
		2629DFAA2BBC22D600EC6139 /* Base */ = {isa = PBXFileReference; lastKnownFileType = file.storyboard; name = Base; path = Base.lproj/Main.storyboard; sourceTree = "<group>"; };
		2629DFAC2BBC22D900EC6139 /* Assets.xcassets */ = {isa = PBXFileReference; lastKnownFileType = folder.assetcatalog; path = Assets.xcassets; sourceTree = "<group>"; };
		2629DFB12BBC22D900EC6139 /* Info.plist */ = {isa = PBXFileReference; lastKnownFileType = text.plist.xml; path = Info.plist; sourceTree = "<group>"; };
		2629DFB62BBC22D900EC6139 /* F1Tests.xctest */ = {isa = PBXFileReference; explicitFileType = wrapper.cfbundle; includeInIndex = 0; path = F1Tests.xctest; sourceTree = BUILT_PRODUCTS_DIR; };
		2629DFBA2BBC22D900EC6139 /* F1Tests.swift */ = {isa = PBXFileReference; lastKnownFileType = sourcecode.swift; path = F1Tests.swift; sourceTree = "<group>"; };
		2629DFC02BBC22D900EC6139 /* F1UITests.xctest */ = {isa = PBXFileReference; explicitFileType = wrapper.cfbundle; includeInIndex = 0; path = F1UITests.xctest; sourceTree = BUILT_PRODUCTS_DIR; };
		2629DFC42BBC22D900EC6139 /* F1UITests.swift */ = {isa = PBXFileReference; lastKnownFileType = sourcecode.swift; path = F1UITests.swift; sourceTree = "<group>"; };
		2629DFC62BBC22D900EC6139 /* F1UITestsLaunchTests.swift */ = {isa = PBXFileReference; lastKnownFileType = sourcecode.swift; path = F1UITestsLaunchTests.swift; sourceTree = "<group>"; };
		2629E02C2BBC354D00EC6139 /* ServiceErrors.swift */ = {isa = PBXFileReference; fileEncoding = 4; lastKnownFileType = sourcecode.swift; path = ServiceErrors.swift; sourceTree = "<group>"; };
		2629E02F2BBC35C100EC6139 /* DriverStandingsViewModel.swift */ = {isa = PBXFileReference; fileEncoding = 4; lastKnownFileType = sourcecode.swift; path = DriverStandingsViewModel.swift; sourceTree = "<group>"; };
		2629E0382BBC366800EC6139 /* ConstructorStandingsViewModel.swift */ = {isa = PBXFileReference; fileEncoding = 4; lastKnownFileType = sourcecode.swift; path = ConstructorStandingsViewModel.swift; sourceTree = "<group>"; };
		2629E03E2BBC390400EC6139 /* Racing.swift */ = {isa = PBXFileReference; fileEncoding = 4; lastKnownFileType = sourcecode.swift; path = Racing.swift; sourceTree = "<group>"; };
		2629E03F2BBC390400EC6139 /* ConstructorStandings.swift */ = {isa = PBXFileReference; fileEncoding = 4; lastKnownFileType = sourcecode.swift; path = ConstructorStandings.swift; sourceTree = "<group>"; };
		2629E0402BBC390400EC6139 /* DriverStandings.swift */ = {isa = PBXFileReference; fileEncoding = 4; lastKnownFileType = sourcecode.swift; path = DriverStandings.swift; sourceTree = "<group>"; };
		2629E0412BBC390400EC6139 /* Constructor.swift */ = {isa = PBXFileReference; fileEncoding = 4; lastKnownFileType = sourcecode.swift; path = Constructor.swift; sourceTree = "<group>"; };
		2629E0422BBC390400EC6139 /* Driver.swift */ = {isa = PBXFileReference; fileEncoding = 4; lastKnownFileType = sourcecode.swift; path = Driver.swift; sourceTree = "<group>"; };
		2629E0442BBC390400EC6139 /* CircuitDetail.swift */ = {isa = PBXFileReference; fileEncoding = 4; lastKnownFileType = sourcecode.swift; path = CircuitDetail.swift; sourceTree = "<group>"; };
		2629E04D2BBC3A7500EC6139 /* Driver.storyboard */ = {isa = PBXFileReference; lastKnownFileType = file.storyboard; path = Driver.storyboard; sourceTree = "<group>"; };
		2629E04F2BBC3A8800EC6139 /* DriverViewModel.swift */ = {isa = PBXFileReference; lastKnownFileType = sourcecode.swift; path = DriverViewModel.swift; sourceTree = "<group>"; };
		2629E0512BBC3A9800EC6139 /* DriverViewController.swift */ = {isa = PBXFileReference; lastKnownFileType = sourcecode.swift; path = DriverViewController.swift; sourceTree = "<group>"; };
		2629E0542BBC43C100EC6139 /* ConstructorViewController.swift */ = {isa = PBXFileReference; lastKnownFileType = sourcecode.swift; path = ConstructorViewController.swift; sourceTree = "<group>"; };
		2629E0562BBC43CC00EC6139 /* ConstructorViewModel.swift */ = {isa = PBXFileReference; lastKnownFileType = sourcecode.swift; path = ConstructorViewModel.swift; sourceTree = "<group>"; };
		2629E05A2BBC5AC600EC6139 /* ConstructorRepository.swift */ = {isa = PBXFileReference; lastKnownFileType = sourcecode.swift; path = ConstructorRepository.swift; sourceTree = "<group>"; };
		2629E05E2BBD353C00EC6139 /* URLSession+Extension.swift */ = {isa = PBXFileReference; lastKnownFileType = sourcecode.swift; path = "URLSession+Extension.swift"; sourceTree = "<group>"; };
		2629E0612BBD370C00EC6139 /* DriverRepository.swift */ = {isa = PBXFileReference; lastKnownFileType = sourcecode.swift; path = DriverRepository.swift; sourceTree = "<group>"; };
		2629E0642BBD37D500EC6139 /* ConstructorStandingsRepository.swift */ = {isa = PBXFileReference; lastKnownFileType = sourcecode.swift; path = ConstructorStandingsRepository.swift; sourceTree = "<group>"; };
		2629E0682BBD38B700EC6139 /* DriverStandingsRepository.swift */ = {isa = PBXFileReference; lastKnownFileType = sourcecode.swift; path = DriverStandingsRepository.swift; sourceTree = "<group>"; };
		2629E0712BBD941B00EC6139 /* Results.storyboard */ = {isa = PBXFileReference; lastKnownFileType = file.storyboard; path = Results.storyboard; sourceTree = "<group>"; };
		2629E0742BBD943900EC6139 /* ResultsRepository.swift */ = {isa = PBXFileReference; lastKnownFileType = sourcecode.swift; path = ResultsRepository.swift; sourceTree = "<group>"; };
		2629E0762BBD944700EC6139 /* ResultsViewModel.swift */ = {isa = PBXFileReference; lastKnownFileType = sourcecode.swift; path = ResultsViewModel.swift; sourceTree = "<group>"; };
		2629E0782BBD945500EC6139 /* ResultsViewController.swift */ = {isa = PBXFileReference; lastKnownFileType = sourcecode.swift; path = ResultsViewController.swift; sourceTree = "<group>"; };
		2629E07C2BBDE00400EC6139 /* RaceViewModel.swift */ = {isa = PBXFileReference; lastKnownFileType = sourcecode.swift; path = RaceViewModel.swift; sourceTree = "<group>"; };
		2629E07E2BBDE01100EC6139 /* RaceRepository.swift */ = {isa = PBXFileReference; lastKnownFileType = sourcecode.swift; path = RaceRepository.swift; sourceTree = "<group>"; };
		2629E0802BBDE01D00EC6139 /* RaceViewController.swift */ = {isa = PBXFileReference; lastKnownFileType = sourcecode.swift; path = RaceViewController.swift; sourceTree = "<group>"; };
		2629E0822BBDE02A00EC6139 /* Race.storyboard */ = {isa = PBXFileReference; lastKnownFileType = file.storyboard; path = Race.storyboard; sourceTree = "<group>"; };
		2629E0862BBE846400EC6139 /* Tab Bar.storyboard */ = {isa = PBXFileReference; lastKnownFileType = file.storyboard; path = "Tab Bar.storyboard"; sourceTree = "<group>"; };
		26326BC02BDEA9B90042FA27 /* RacingCollectionViewCell.swift */ = {isa = PBXFileReference; lastKnownFileType = sourcecode.swift; path = RacingCollectionViewCell.swift; sourceTree = "<group>"; };
		26326BC12BDEA9B90042FA27 /* RacingCollectionViewCell.xib */ = {isa = PBXFileReference; lastKnownFileType = file.xib; path = RacingCollectionViewCell.xib; sourceTree = "<group>"; };
		26326BC42BDEAB9A0042FA27 /* RacingViewController.swift */ = {isa = PBXFileReference; lastKnownFileType = sourcecode.swift; path = RacingViewController.swift; sourceTree = "<group>"; };
		26326BC62BDF7E050042FA27 /* RaceViewModelTests.swift */ = {isa = PBXFileReference; lastKnownFileType = sourcecode.swift; path = RaceViewModelTests.swift; sourceTree = "<group>"; };
		26326BCA2BE6110E0042FA27 /* RacingResults.swift */ = {isa = PBXFileReference; lastKnownFileType = sourcecode.swift; path = RacingResults.swift; sourceTree = "<group>"; };
		26326BCC2BE61D4B0042FA27 /* ResultsViewModelTests.swift */ = {isa = PBXFileReference; lastKnownFileType = sourcecode.swift; path = ResultsViewModelTests.swift; sourceTree = "<group>"; };
		26326C0C2BE816750042FA27 /* StandingsViewModelTests.swift */ = {isa = PBXFileReference; lastKnownFileType = sourcecode.swift; path = StandingsViewModelTests.swift; sourceTree = "<group>"; };
		26326C0E2BE816980042FA27 /* DriverStandingsViewModelTests.swift */ = {isa = PBXFileReference; lastKnownFileType = sourcecode.swift; path = DriverStandingsViewModelTests.swift; sourceTree = "<group>"; };
		26326C102BE8A3950042FA27 /* ConstructorStandingsViewModelTests.swift */ = {isa = PBXFileReference; lastKnownFileType = sourcecode.swift; path = ConstructorStandingsViewModelTests.swift; sourceTree = "<group>"; };
		26326C122BE92A1F0042FA27 /* LoginViewModelTests.swift */ = {isa = PBXFileReference; lastKnownFileType = sourcecode.swift; path = LoginViewModelTests.swift; sourceTree = "<group>"; };
		26B97EBC2BD3E58C00EA34A3 /* RaceScheduleTableViewCell.swift */ = {isa = PBXFileReference; lastKnownFileType = sourcecode.swift; path = RaceScheduleTableViewCell.swift; sourceTree = "<group>"; };
		26B97EBD2BD3E58C00EA34A3 /* RaceScheduleTableViewCell.xib */ = {isa = PBXFileReference; lastKnownFileType = file.xib; path = RaceScheduleTableViewCell.xib; sourceTree = "<group>"; };
		26C993752BBFE5070041F3B1 /* LaunchScreen.storyboard */ = {isa = PBXFileReference; fileEncoding = 4; lastKnownFileType = file.storyboard; path = LaunchScreen.storyboard; sourceTree = "<group>"; };
		26C993B62BC3E9920041F3B1 /* AllResultsTableViewCell.swift */ = {isa = PBXFileReference; lastKnownFileType = sourcecode.swift; name = AllResultsTableViewCell.swift; path = F1/Results/AllResultsTableViewCell.swift; sourceTree = SOURCE_ROOT; };
		26C993B72BC3E9920041F3B1 /* AllResultsTableViewCell.xib */ = {isa = PBXFileReference; lastKnownFileType = file.xib; name = AllResultsTableViewCell.xib; path = F1/Results/AllResultsTableViewCell.xib; sourceTree = SOURCE_ROOT; };
		26C993BA2BC3FB6A0041F3B1 /* RacingResultViewController.swift */ = {isa = PBXFileReference; lastKnownFileType = sourcecode.swift; path = RacingResultViewController.swift; sourceTree = "<group>"; };
		26C993BC2BC3FB7D0041F3B1 /* RaceResultTableViewCell.swift */ = {isa = PBXFileReference; lastKnownFileType = sourcecode.swift; name = RaceResultTableViewCell.swift; path = F1/Results/RaceResultTableViewCell.swift; sourceTree = SOURCE_ROOT; };
		26C993BD2BC3FB7D0041F3B1 /* RaceResultTableViewCell.xib */ = {isa = PBXFileReference; lastKnownFileType = file.xib; name = RaceResultTableViewCell.xib; path = F1/Results/RaceResultTableViewCell.xib; sourceTree = SOURCE_ROOT; };
		26C993C42BC52C9B0041F3B1 /* RaceResultHeader.swift */ = {isa = PBXFileReference; lastKnownFileType = sourcecode.swift; name = RaceResultHeader.swift; path = F1/Results/RaceResultHeader.swift; sourceTree = SOURCE_ROOT; };
		26C993C62BC535B10041F3B1 /* RaceResultHeader.xib */ = {isa = PBXFileReference; lastKnownFileType = file.xib; path = RaceResultHeader.xib; sourceTree = "<group>"; };
		26C993CF2BC6B3BA0041F3B1 /* LoginViewModel.swift */ = {isa = PBXFileReference; lastKnownFileType = sourcecode.swift; path = LoginViewModel.swift; sourceTree = "<group>"; };
		26C993D12BC6B3D40041F3B1 /* LoginViewController.swift */ = {isa = PBXFileReference; lastKnownFileType = sourcecode.swift; path = LoginViewController.swift; sourceTree = "<group>"; };
		26C993D32BC6B3E20041F3B1 /* Login.storyboard */ = {isa = PBXFileReference; lastKnownFileType = file.storyboard; path = Login.storyboard; sourceTree = "<group>"; };
		26C993E42BC7289E0041F3B1 /* Standings.storyboard */ = {isa = PBXFileReference; fileEncoding = 4; lastKnownFileType = file.storyboard; name = Standings.storyboard; path = F1/Standings/Standings.storyboard; sourceTree = SOURCE_ROOT; };
		26C993E62BC729A70041F3B1 /* StandingsViewController.swift */ = {isa = PBXFileReference; fileEncoding = 4; lastKnownFileType = sourcecode.swift; path = StandingsViewController.swift; sourceTree = "<group>"; };
		26C993E82BC72A9D0041F3B1 /* DriverStandingTableViewCell.xib */ = {isa = PBXFileReference; fileEncoding = 4; lastKnownFileType = file.xib; path = DriverStandingTableViewCell.xib; sourceTree = "<group>"; };
		26C993EA2BC72ACD0041F3B1 /* DriverStandingTableViewCell.swift */ = {isa = PBXFileReference; fileEncoding = 4; lastKnownFileType = sourcecode.swift; path = DriverStandingTableViewCell.swift; sourceTree = "<group>"; };
		26C993EC2BC7BC970041F3B1 /* ConstructorStandingTableViewCell.xib */ = {isa = PBXFileReference; fileEncoding = 4; lastKnownFileType = file.xib; path = ConstructorStandingTableViewCell.xib; sourceTree = "<group>"; };
		26C993EE2BC7BCA50041F3B1 /* ConstructorStandingTableViewCell.swift */ = {isa = PBXFileReference; fileEncoding = 4; lastKnownFileType = sourcecode.swift; path = ConstructorStandingTableViewCell.swift; sourceTree = "<group>"; };
		26C993F52BCA73830041F3B1 /* driverTableViewCell.swift */ = {isa = PBXFileReference; fileEncoding = 4; lastKnownFileType = sourcecode.swift; path = driverTableViewCell.swift; sourceTree = "<group>"; };
		26C993F72BCA73BD0041F3B1 /* DriverTableViewCell.xib */ = {isa = PBXFileReference; fileEncoding = 4; lastKnownFileType = file.xib; path = DriverTableViewCell.xib; sourceTree = "<group>"; };
		26FAA2F82BD2A874002B12EA /* StandigsViewModel.swift */ = {isa = PBXFileReference; lastKnownFileType = sourcecode.swift; path = StandigsViewModel.swift; sourceTree = "<group>"; };
		26FAA2FA2BD2B359002B12EA /* Constants.swift */ = {isa = PBXFileReference; lastKnownFileType = sourcecode.swift; path = Constants.swift; sourceTree = "<group>"; };
/* End PBXFileReference section */

/* Begin PBXFrameworksBuildPhase section */
		2629DF9D2BBC22D600EC6139 /* Frameworks */ = {
			isa = PBXFrameworksBuildPhase;
			buildActionMask = 2147483647;
			files = (
			);
			runOnlyForDeploymentPostprocessing = 0;
		};
		2629DFB32BBC22D900EC6139 /* Frameworks */ = {
			isa = PBXFrameworksBuildPhase;
			buildActionMask = 2147483647;
			files = (
			);
			runOnlyForDeploymentPostprocessing = 0;
		};
		2629DFBD2BBC22D900EC6139 /* Frameworks */ = {
			isa = PBXFrameworksBuildPhase;
			buildActionMask = 2147483647;
			files = (
			);
			runOnlyForDeploymentPostprocessing = 0;
		};
/* End PBXFrameworksBuildPhase section */

/* Begin PBXGroup section */
		260FFE352BCBDA3F00B0102D /* Custom Cell */ = {
			isa = PBXGroup;
			children = (
				260FFE3C2BCBDAB000B0102D /* constructorTableViewCell.swift */,
				260FFE3A2BCBDA9500B0102D /* ConstructorResultHeader.swift */,
				260FFE382BCBDA8400B0102D /* ConstructorTableViewCell.xib */,
				260FFE362BCBDA5B00B0102D /* ConstructorResultHeader.xib */,
			);
			name = "Custom Cell";
			sourceTree = "<group>";
		};
		2629DF972BBC22D600EC6139 = {
			isa = PBXGroup;
			children = (
				2629DFA22BBC22D600EC6139 /* F1 */,
				2629DFB92BBC22D900EC6139 /* F1Tests */,
				2629DFC32BBC22D900EC6139 /* F1UITests */,
				2629DFA12BBC22D600EC6139 /* Products */,
			);
			sourceTree = "<group>";
		};
		2629DFA12BBC22D600EC6139 /* Products */ = {
			isa = PBXGroup;
			children = (
				2629DFA02BBC22D600EC6139 /* F1.app */,
				2629DFB62BBC22D900EC6139 /* F1Tests.xctest */,
				2629DFC02BBC22D900EC6139 /* F1UITests.xctest */,
			);
			name = Products;
			sourceTree = "<group>";
		};
		2629DFA22BBC22D600EC6139 /* F1 */ = {
			isa = PBXGroup;
			children = (
				2629E0272BBC34E100EC6139 /* Config */,
				26C993D52BC701FD0041F3B1 /* Standings */,
				26C993C92BC6B3760041F3B1 /* Login */,
				2629E0702BBD93EE00EC6139 /* Results */,
				2629E0532BBC43AA00EC6139 /* Constructor */,
				2629E04C2BBC3A6200EC6139 /* Driver */,
				2629E07A2BBDDFCB00EC6139 /* Race */,
				2629E05D2BBD34FC00EC6139 /* Utilities */,
				2629E02B2BBC354D00EC6139 /* Service Layer */,
				2629E0852BBE843000EC6139 /* UserInterfaces */,
				2629DFB12BBC22D900EC6139 /* Info.plist */,
			);
			path = F1;
			sourceTree = "<group>";
		};
		2629DFB92BBC22D900EC6139 /* F1Tests */ = {
			isa = PBXGroup;
			children = (
				2629DFBA2BBC22D900EC6139 /* F1Tests.swift */,
				26326BC62BDF7E050042FA27 /* RaceViewModelTests.swift */,
				26326BCC2BE61D4B0042FA27 /* ResultsViewModelTests.swift */,
				26326C0C2BE816750042FA27 /* StandingsViewModelTests.swift */,
				26326C0E2BE816980042FA27 /* DriverStandingsViewModelTests.swift */,
				26326C102BE8A3950042FA27 /* ConstructorStandingsViewModelTests.swift */,
				26326C122BE92A1F0042FA27 /* LoginViewModelTests.swift */,
			);
			path = F1Tests;
			sourceTree = "<group>";
		};
		2629DFC32BBC22D900EC6139 /* F1UITests */ = {
			isa = PBXGroup;
			children = (
				2629DFC42BBC22D900EC6139 /* F1UITests.swift */,
				2629DFC62BBC22D900EC6139 /* F1UITestsLaunchTests.swift */,
			);
			path = F1UITests;
			sourceTree = "<group>";
		};
		2629E0272BBC34E100EC6139 /* Config */ = {
			isa = PBXGroup;
			children = (
				2629DFA32BBC22D600EC6139 /* AppDelegate.swift */,
				2629DFA52BBC22D600EC6139 /* SceneDelegate.swift */,
				2629DFA72BBC22D600EC6139 /* ViewController.swift */,
				2629DFA92BBC22D600EC6139 /* Main.storyboard */,
				2629DFAC2BBC22D900EC6139 /* Assets.xcassets */,
				26C993752BBFE5070041F3B1 /* LaunchScreen.storyboard */,
			);
			path = Config;
			sourceTree = "<group>";
		};
		2629E02B2BBC354D00EC6139 /* Service Layer */ = {
			isa = PBXGroup;
			children = (
				2629E02C2BBC354D00EC6139 /* ServiceErrors.swift */,
			);
			path = "Service Layer";
			sourceTree = "<group>";
		};
		2629E02E2BBC35AC00EC6139 /* DriverStandings */ = {
			isa = PBXGroup;
			children = (
				2629E0672BBD38A100EC6139 /* Repository */,
				2629E02F2BBC35C100EC6139 /* DriverStandingsViewModel.swift */,
			);
			path = DriverStandings;
			sourceTree = "<group>";
		};
		2629E0362BBC365400EC6139 /* ConstructorStandings */ = {
			isa = PBXGroup;
			children = (
				2629E0632BBD37AC00EC6139 /* Repository */,
				2629E0382BBC366800EC6139 /* ConstructorStandingsViewModel.swift */,
			);
			path = ConstructorStandings;
			sourceTree = "<group>";
		};
		2629E04C2BBC3A6200EC6139 /* Driver */ = {
			isa = PBXGroup;
			children = (
				26C993F02BCA72BD0041F3B1 /* Custom Cell */,
				2629E0602BBD36DF00EC6139 /* Repository */,
				2629E04D2BBC3A7500EC6139 /* Driver.storyboard */,
				2629E04F2BBC3A8800EC6139 /* DriverViewModel.swift */,
				2629E0512BBC3A9800EC6139 /* DriverViewController.swift */,
			);
			path = Driver;
			sourceTree = "<group>";
		};
		2629E0532BBC43AA00EC6139 /* Constructor */ = {
			isa = PBXGroup;
			children = (
				260FFE352BCBDA3F00B0102D /* Custom Cell */,
				2629E05C2BBC5CCD00EC6139 /* Repository */,
				2629E0542BBC43C100EC6139 /* ConstructorViewController.swift */,
				2629E0562BBC43CC00EC6139 /* ConstructorViewModel.swift */,
				260FFE332BCBB1B800B0102D /* Constructor.storyboard */,
			);
			path = Constructor;
			sourceTree = "<group>";
		};
		2629E05C2BBC5CCD00EC6139 /* Repository */ = {
			isa = PBXGroup;
			children = (
				2629E0412BBC390400EC6139 /* Constructor.swift */,
				2629E05A2BBC5AC600EC6139 /* ConstructorRepository.swift */,
			);
			name = Repository;
			sourceTree = "<group>";
		};
		2629E05D2BBD34FC00EC6139 /* Utilities */ = {
			isa = PBXGroup;
			children = (
				2629E05E2BBD353C00EC6139 /* URLSession+Extension.swift */,
				26FAA2FA2BD2B359002B12EA /* Constants.swift */,
			);
			path = Utilities;
			sourceTree = "<group>";
		};
		2629E0602BBD36DF00EC6139 /* Repository */ = {
			isa = PBXGroup;
			children = (
				2629E0612BBD370C00EC6139 /* DriverRepository.swift */,
				2629E0422BBC390400EC6139 /* Driver.swift */,
			);
			path = Repository;
			sourceTree = "<group>";
		};
		2629E0632BBD37AC00EC6139 /* Repository */ = {
			isa = PBXGroup;
			children = (
				2629E03F2BBC390400EC6139 /* ConstructorStandings.swift */,
				2629E0642BBD37D500EC6139 /* ConstructorStandingsRepository.swift */,
			);
			path = Repository;
			sourceTree = "<group>";
		};
		2629E0672BBD38A100EC6139 /* Repository */ = {
			isa = PBXGroup;
			children = (
				2629E0402BBC390400EC6139 /* DriverStandings.swift */,
				2629E0682BBD38B700EC6139 /* DriverStandingsRepository.swift */,
			);
			path = Repository;
			sourceTree = "<group>";
		};
		2629E0702BBD93EE00EC6139 /* Results */ = {
			isa = PBXGroup;
			children = (
				26C993B52BC3E9000041F3B1 /* Custom Cell */,
				2629E0732BBD942200EC6139 /* Repository */,
				2629E0712BBD941B00EC6139 /* Results.storyboard */,
				2629E0782BBD945500EC6139 /* ResultsViewController.swift */,
				26C993BA2BC3FB6A0041F3B1 /* RacingResultViewController.swift */,
				2629E0762BBD944700EC6139 /* ResultsViewModel.swift */,
			);
			path = Results;
			sourceTree = "<group>";
		};
		2629E0732BBD942200EC6139 /* Repository */ = {
			isa = PBXGroup;
			children = (
				2629E0742BBD943900EC6139 /* ResultsRepository.swift */,
				26326BCA2BE6110E0042FA27 /* RacingResults.swift */,
			);
			path = Repository;
			sourceTree = "<group>";
		};
		2629E07A2BBDDFCB00EC6139 /* Race */ = {
			isa = PBXGroup;
			children = (
				26B97EBB2BD3E54E00EA34A3 /* Custom Cell */,
				2629E07B2BBDDFD500EC6139 /* Repository */,
				2629E07C2BBDE00400EC6139 /* RaceViewModel.swift */,
				2629E0802BBDE01D00EC6139 /* RaceViewController.swift */,
				26326BC42BDEAB9A0042FA27 /* RacingViewController.swift */,
				2629E0822BBDE02A00EC6139 /* Race.storyboard */,
			);
			path = Race;
			sourceTree = "<group>";
		};
		2629E07B2BBDDFD500EC6139 /* Repository */ = {
			isa = PBXGroup;
			children = (
				2629E03E2BBC390400EC6139 /* Racing.swift */,
				2629E0442BBC390400EC6139 /* CircuitDetail.swift */,
				2629E07E2BBDE01100EC6139 /* RaceRepository.swift */,
			);
			path = Repository;
			sourceTree = "<group>";
		};
		2629E0852BBE843000EC6139 /* UserInterfaces */ = {
			isa = PBXGroup;
			children = (
				2629E0862BBE846400EC6139 /* Tab Bar.storyboard */,
			);
			name = UserInterfaces;
			sourceTree = "<group>";
		};
		26B97EBB2BD3E54E00EA34A3 /* Custom Cell */ = {
			isa = PBXGroup;
			children = (
				26B97EBC2BD3E58C00EA34A3 /* RaceScheduleTableViewCell.swift */,
				26B97EBD2BD3E58C00EA34A3 /* RaceScheduleTableViewCell.xib */,
				26326BC02BDEA9B90042FA27 /* RacingCollectionViewCell.swift */,
				26326BC12BDEA9B90042FA27 /* RacingCollectionViewCell.xib */,
			);
			name = "Custom Cell";
			sourceTree = "<group>";
		};
		26C993B52BC3E9000041F3B1 /* Custom Cell */ = {
			isa = PBXGroup;
			children = (
				26C993B62BC3E9920041F3B1 /* AllResultsTableViewCell.swift */,
				26C993B72BC3E9920041F3B1 /* AllResultsTableViewCell.xib */,
				26C993BC2BC3FB7D0041F3B1 /* RaceResultTableViewCell.swift */,
				26C993BD2BC3FB7D0041F3B1 /* RaceResultTableViewCell.xib */,
				26C993C42BC52C9B0041F3B1 /* RaceResultHeader.swift */,
				26C993C62BC535B10041F3B1 /* RaceResultHeader.xib */,
			);
			name = "Custom Cell";
			path = Repository;
			sourceTree = "<group>";
		};
		26C993C92BC6B3760041F3B1 /* Login */ = {
			isa = PBXGroup;
			children = (
				26C993CF2BC6B3BA0041F3B1 /* LoginViewModel.swift */,
				26C993D12BC6B3D40041F3B1 /* LoginViewController.swift */,
				26C993D32BC6B3E20041F3B1 /* Login.storyboard */,
			);
			path = Login;
			sourceTree = "<group>";
		};
		26C993D52BC701FD0041F3B1 /* Standings */ = {
			isa = PBXGroup;
			children = (
				26C993DA2BC705840041F3B1 /* Custom Cell */,
				2629E02E2BBC35AC00EC6139 /* DriverStandings */,
				2629E0362BBC365400EC6139 /* ConstructorStandings */,
				26C993E62BC729A70041F3B1 /* StandingsViewController.swift */,
				26C993E42BC7289E0041F3B1 /* Standings.storyboard */,
				26FAA2F82BD2A874002B12EA /* StandigsViewModel.swift */,
			);
			path = Standings;
			sourceTree = "<group>";
		};
		26C993DA2BC705840041F3B1 /* Custom Cell */ = {
			isa = PBXGroup;
			children = (
				26C993EA2BC72ACD0041F3B1 /* DriverStandingTableViewCell.swift */,
				26C993E82BC72A9D0041F3B1 /* DriverStandingTableViewCell.xib */,
				26C993EE2BC7BCA50041F3B1 /* ConstructorStandingTableViewCell.swift */,
				26C993EC2BC7BC970041F3B1 /* ConstructorStandingTableViewCell.xib */,
			);
			name = "Custom Cell";
			sourceTree = "<group>";
		};
		26C993F02BCA72BD0041F3B1 /* Custom Cell */ = {
			isa = PBXGroup;
			children = (
				260FFE2F2BCAEFE900B0102D /* DriverResultHeader.swift */,
				260FFE2D2BCAEEB800B0102D /* DriverResultHeader.xib */,
				26C993F72BCA73BD0041F3B1 /* DriverTableViewCell.xib */,
				26C993F52BCA73830041F3B1 /* driverTableViewCell.swift */,
			);
			name = "Custom Cell";
			sourceTree = "<group>";
		};
/* End PBXGroup section */

/* Begin PBXNativeTarget section */
		2629DF9F2BBC22D600EC6139 /* F1 */ = {
			isa = PBXNativeTarget;
			buildConfigurationList = 2629DFCA2BBC22D900EC6139 /* Build configuration list for PBXNativeTarget "F1" */;
			buildPhases = (
				26C993B42BC3C2630041F3B1 /* SwiftLint */,
				2629DF9C2BBC22D600EC6139 /* Sources */,
				2629DF9D2BBC22D600EC6139 /* Frameworks */,
				2629DF9E2BBC22D600EC6139 /* Resources */,
			);
			buildRules = (
			);
			dependencies = (
			);
			name = F1;
			productName = F1;
			productReference = 2629DFA02BBC22D600EC6139 /* F1.app */;
			productType = "com.apple.product-type.application";
		};
		2629DFB52BBC22D900EC6139 /* F1Tests */ = {
			isa = PBXNativeTarget;
			buildConfigurationList = 2629DFCD2BBC22D900EC6139 /* Build configuration list for PBXNativeTarget "F1Tests" */;
			buildPhases = (
				2629DFB22BBC22D900EC6139 /* Sources */,
				2629DFB32BBC22D900EC6139 /* Frameworks */,
				2629DFB42BBC22D900EC6139 /* Resources */,
			);
			buildRules = (
			);
			dependencies = (
				2629DFB82BBC22D900EC6139 /* PBXTargetDependency */,
			);
			name = F1Tests;
			productName = F1Tests;
			productReference = 2629DFB62BBC22D900EC6139 /* F1Tests.xctest */;
			productType = "com.apple.product-type.bundle.unit-test";
		};
		2629DFBF2BBC22D900EC6139 /* F1UITests */ = {
			isa = PBXNativeTarget;
			buildConfigurationList = 2629DFD02BBC22D900EC6139 /* Build configuration list for PBXNativeTarget "F1UITests" */;
			buildPhases = (
				2629DFBC2BBC22D900EC6139 /* Sources */,
				2629DFBD2BBC22D900EC6139 /* Frameworks */,
				2629DFBE2BBC22D900EC6139 /* Resources */,
			);
			buildRules = (
			);
			dependencies = (
				2629DFC22BBC22D900EC6139 /* PBXTargetDependency */,
			);
			name = F1UITests;
			productName = F1UITests;
			productReference = 2629DFC02BBC22D900EC6139 /* F1UITests.xctest */;
			productType = "com.apple.product-type.bundle.ui-testing";
		};
/* End PBXNativeTarget section */

/* Begin PBXProject section */
		2629DF982BBC22D600EC6139 /* Project object */ = {
			isa = PBXProject;
			attributes = {
				BuildIndependentTargetsInParallel = 1;
				LastSwiftUpdateCheck = 1520;
				LastUpgradeCheck = 1520;
				TargetAttributes = {
					2629DF9F2BBC22D600EC6139 = {
						CreatedOnToolsVersion = 15.2;
					};
					2629DFB52BBC22D900EC6139 = {
						CreatedOnToolsVersion = 15.2;
						TestTargetID = 2629DF9F2BBC22D600EC6139;
					};
					2629DFBF2BBC22D900EC6139 = {
						CreatedOnToolsVersion = 15.2;
						TestTargetID = 2629DF9F2BBC22D600EC6139;
					};
				};
			};
			buildConfigurationList = 2629DF9B2BBC22D600EC6139 /* Build configuration list for PBXProject "F1" */;
			compatibilityVersion = "Xcode 14.0";
			developmentRegion = en;
			hasScannedForEncodings = 0;
			knownRegions = (
				en,
				Base,
			);
			mainGroup = 2629DF972BBC22D600EC6139;
			productRefGroup = 2629DFA12BBC22D600EC6139 /* Products */;
			projectDirPath = "";
			projectRoot = "";
			targets = (
				2629DF9F2BBC22D600EC6139 /* F1 */,
				2629DFB52BBC22D900EC6139 /* F1Tests */,
				2629DFBF2BBC22D900EC6139 /* F1UITests */,
			);
		};
/* End PBXProject section */

/* Begin PBXResourcesBuildPhase section */
		2629DF9E2BBC22D600EC6139 /* Resources */ = {
			isa = PBXResourcesBuildPhase;
			buildActionMask = 2147483647;
			files = (
				2629E0832BBDE02A00EC6139 /* Race.storyboard in Resources */,
				26C993D42BC6B3E20041F3B1 /* Login.storyboard in Resources */,
				260FFE372BCBDA5B00B0102D /* ConstructorResultHeader.xib in Resources */,
				2629E0722BBD941B00EC6139 /* Results.storyboard in Resources */,
				26326BC32BDEA9B90042FA27 /* RacingCollectionViewCell.xib in Resources */,
				2629E0872BBE846400EC6139 /* Tab Bar.storyboard in Resources */,
				260FFE342BCBB1B800B0102D /* Constructor.storyboard in Resources */,
				26C993ED2BC7BC970041F3B1 /* ConstructorStandingTableViewCell.xib in Resources */,
				26C993E52BC7289E0041F3B1 /* Standings.storyboard in Resources */,
				2629DFAD2BBC22D900EC6139 /* Assets.xcassets in Resources */,
				26B97EBF2BD3E58C00EA34A3 /* RaceScheduleTableViewCell.xib in Resources */,
				260FFE392BCBDA8400B0102D /* ConstructorTableViewCell.xib in Resources */,
				26C993F82BCA73BD0041F3B1 /* DriverTableViewCell.xib in Resources */,
				26C993B92BC3E9920041F3B1 /* AllResultsTableViewCell.xib in Resources */,
				2629E04E2BBC3A7500EC6139 /* Driver.storyboard in Resources */,
				26C993E92BC72A9D0041F3B1 /* DriverStandingTableViewCell.xib in Resources */,
				260FFE2E2BCAEEB800B0102D /* DriverResultHeader.xib in Resources */,
				26C993BF2BC3FB7D0041F3B1 /* RaceResultTableViewCell.xib in Resources */,
				26C993762BBFE5070041F3B1 /* LaunchScreen.storyboard in Resources */,
				2629DFAB2BBC22D600EC6139 /* Main.storyboard in Resources */,
				26C993C72BC535B10041F3B1 /* RaceResultHeader.xib in Resources */,
			);
			runOnlyForDeploymentPostprocessing = 0;
		};
		2629DFB42BBC22D900EC6139 /* Resources */ = {
			isa = PBXResourcesBuildPhase;
			buildActionMask = 2147483647;
			files = (
			);
			runOnlyForDeploymentPostprocessing = 0;
		};
		2629DFBE2BBC22D900EC6139 /* Resources */ = {
			isa = PBXResourcesBuildPhase;
			buildActionMask = 2147483647;
			files = (
			);
			runOnlyForDeploymentPostprocessing = 0;
		};
/* End PBXResourcesBuildPhase section */

/* Begin PBXShellScriptBuildPhase section */
		26C993B42BC3C2630041F3B1 /* SwiftLint */ = {
			isa = PBXShellScriptBuildPhase;
			buildActionMask = 2147483647;
			files = (
			);
			inputFileListPaths = (
			);
			inputPaths = (
			);
			name = SwiftLint;
			outputFileListPaths = (
			);
			outputPaths = (
			);
			runOnlyForDeploymentPostprocessing = 0;
			shellPath = /bin/sh;
			shellScript = "if [[ \"$(uname -m)\" == arm64 ]]; then\n    export PATH=\"/opt/homebrew/bin:$PATH\"\nfi\n \nif which swiftlint > /dev/null; then\n  swiftlint\nelse\n  echo \"warning: SwiftLint not installed, download from https://github.com/realm/SwiftLint\"\nfi\n";
		};
/* End PBXShellScriptBuildPhase section */

/* Begin PBXSourcesBuildPhase section */
		2629DF9C2BBC22D600EC6139 /* Sources */ = {
			isa = PBXSourcesBuildPhase;
			buildActionMask = 2147483647;
			files = (
				26C993E72BC729A70041F3B1 /* StandingsViewController.swift in Sources */,
				2629E0622BBD370C00EC6139 /* DriverRepository.swift in Sources */,
				2629E0692BBD38B700EC6139 /* DriverStandingsRepository.swift in Sources */,
				2629E07F2BBDE01100EC6139 /* RaceRepository.swift in Sources */,
				2629E0522BBC3A9800EC6139 /* DriverViewController.swift in Sources */,
				26C993D22BC6B3D40041F3B1 /* LoginViewController.swift in Sources */,
				260FFE3B2BCBDA9500B0102D /* ConstructorResultHeader.swift in Sources */,
				2629E0502BBC3A8800EC6139 /* DriverViewModel.swift in Sources */,
				26FAA2FB2BD2B359002B12EA /* Constants.swift in Sources */,
				2629DFA82BBC22D600EC6139 /* ViewController.swift in Sources */,
				2629E0322BBC35C200EC6139 /* DriverStandingsViewModel.swift in Sources */,
				2629E0492BBC390400EC6139 /* Driver.swift in Sources */,
				2629E0752BBD943900EC6139 /* ResultsRepository.swift in Sources */,
				26C993B82BC3E9920041F3B1 /* AllResultsTableViewCell.swift in Sources */,
				26326BC52BDEAB9A0042FA27 /* RacingViewController.swift in Sources */,
				2629E03B2BBC366800EC6139 /* ConstructorStandingsViewModel.swift in Sources */,
				26326BCB2BE6110E0042FA27 /* RacingResults.swift in Sources */,
				2629E0482BBC390400EC6139 /* Constructor.swift in Sources */,
				26C993C52BC52C9B0041F3B1 /* RaceResultHeader.swift in Sources */,
				2629E0472BBC390400EC6139 /* DriverStandings.swift in Sources */,
				260FFE3D2BCBDAB000B0102D /* constructorTableViewCell.swift in Sources */,
				2629DFA42BBC22D600EC6139 /* AppDelegate.swift in Sources */,
				2629E05F2BBD353C00EC6139 /* URLSession+Extension.swift in Sources */,
				26C993EB2BC72ACD0041F3B1 /* DriverStandingTableViewCell.swift in Sources */,
				26C993F62BCA73830041F3B1 /* driverTableViewCell.swift in Sources */,
				2629E05B2BBC5AC600EC6139 /* ConstructorRepository.swift in Sources */,
				2629E0812BBDE01D00EC6139 /* RaceViewController.swift in Sources */,
				26B97EBE2BD3E58C00EA34A3 /* RaceScheduleTableViewCell.swift in Sources */,
				2629E0462BBC390400EC6139 /* ConstructorStandings.swift in Sources */,
				2629E07D2BBDE00400EC6139 /* RaceViewModel.swift in Sources */,
				26C993BE2BC3FB7D0041F3B1 /* RaceResultTableViewCell.swift in Sources */,
				2629E0652BBD37D500EC6139 /* ConstructorStandingsRepository.swift in Sources */,
				26C993EF2BC7BCA50041F3B1 /* ConstructorStandingTableViewCell.swift in Sources */,
				260FFE302BCAEFE900B0102D /* DriverResultHeader.swift in Sources */,
				2629E0552BBC43C100EC6139 /* ConstructorViewController.swift in Sources */,
				2629E0452BBC390400EC6139 /* Racing.swift in Sources */,
				26C993D02BC6B3BA0041F3B1 /* LoginViewModel.swift in Sources */,
				2629E0572BBC43CC00EC6139 /* ConstructorViewModel.swift in Sources */,
				26C993BB2BC3FB6A0041F3B1 /* RacingResultViewController.swift in Sources */,
				2629E04B2BBC390400EC6139 /* CircuitDetail.swift in Sources */,
				2629E0792BBD945500EC6139 /* ResultsViewController.swift in Sources */,
				2629E0772BBD944700EC6139 /* ResultsViewModel.swift in Sources */,
				26FAA2F92BD2A874002B12EA /* StandigsViewModel.swift in Sources */,
				2629E02D2BBC354D00EC6139 /* ServiceErrors.swift in Sources */,
				2629DFA62BBC22D600EC6139 /* SceneDelegate.swift in Sources */,
				26326BC22BDEA9B90042FA27 /* RacingCollectionViewCell.swift in Sources */,
			);
			runOnlyForDeploymentPostprocessing = 0;
		};
		2629DFB22BBC22D900EC6139 /* Sources */ = {
			isa = PBXSourcesBuildPhase;
			buildActionMask = 2147483647;
			files = (
				26326BCD2BE61D4B0042FA27 /* ResultsViewModelTests.swift in Sources */,
				2629DFBB2BBC22D900EC6139 /* F1Tests.swift in Sources */,
				26326C0D2BE816750042FA27 /* StandingsViewModelTests.swift in Sources */,
				26326C112BE8A3950042FA27 /* ConstructorStandingsViewModelTests.swift in Sources */,
				26326C0F2BE816980042FA27 /* DriverStandingsViewModelTests.swift in Sources */,
				26326C132BE92A1F0042FA27 /* LoginViewModelTests.swift in Sources */,
				26326BC72BDF7E050042FA27 /* RaceViewModelTests.swift in Sources */,
			);
			runOnlyForDeploymentPostprocessing = 0;
		};
		2629DFBC2BBC22D900EC6139 /* Sources */ = {
			isa = PBXSourcesBuildPhase;
			buildActionMask = 2147483647;
			files = (
				2629DFC52BBC22D900EC6139 /* F1UITests.swift in Sources */,
				2629DFC72BBC22D900EC6139 /* F1UITestsLaunchTests.swift in Sources */,
			);
			runOnlyForDeploymentPostprocessing = 0;
		};
/* End PBXSourcesBuildPhase section */

/* Begin PBXTargetDependency section */
		2629DFB82BBC22D900EC6139 /* PBXTargetDependency */ = {
			isa = PBXTargetDependency;
			target = 2629DF9F2BBC22D600EC6139 /* F1 */;
			targetProxy = 2629DFB72BBC22D900EC6139 /* PBXContainerItemProxy */;
		};
		2629DFC22BBC22D900EC6139 /* PBXTargetDependency */ = {
			isa = PBXTargetDependency;
			target = 2629DF9F2BBC22D600EC6139 /* F1 */;
			targetProxy = 2629DFC12BBC22D900EC6139 /* PBXContainerItemProxy */;
		};
/* End PBXTargetDependency section */

/* Begin PBXVariantGroup section */
		2629DFA92BBC22D600EC6139 /* Main.storyboard */ = {
			isa = PBXVariantGroup;
			children = (
				2629DFAA2BBC22D600EC6139 /* Base */,
			);
			name = Main.storyboard;
			sourceTree = "<group>";
		};
/* End PBXVariantGroup section */

/* Begin XCBuildConfiguration section */
		2629DFC82BBC22D900EC6139 /* Debug */ = {
			isa = XCBuildConfiguration;
			buildSettings = {
				ALWAYS_SEARCH_USER_PATHS = NO;
				ASSETCATALOG_COMPILER_GENERATE_SWIFT_ASSET_SYMBOL_EXTENSIONS = YES;
				CLANG_ANALYZER_NONNULL = YES;
				CLANG_ANALYZER_NUMBER_OBJECT_CONVERSION = YES_AGGRESSIVE;
				CLANG_CXX_LANGUAGE_STANDARD = "gnu++20";
				CLANG_ENABLE_MODULES = YES;
				CLANG_ENABLE_OBJC_ARC = YES;
				CLANG_ENABLE_OBJC_WEAK = YES;
				CLANG_WARN_BLOCK_CAPTURE_AUTORELEASING = YES;
				CLANG_WARN_BOOL_CONVERSION = YES;
				CLANG_WARN_COMMA = YES;
				CLANG_WARN_CONSTANT_CONVERSION = YES;
				CLANG_WARN_DEPRECATED_OBJC_IMPLEMENTATIONS = YES;
				CLANG_WARN_DIRECT_OBJC_ISA_USAGE = YES_ERROR;
				CLANG_WARN_DOCUMENTATION_COMMENTS = YES;
				CLANG_WARN_EMPTY_BODY = YES;
				CLANG_WARN_ENUM_CONVERSION = YES;
				CLANG_WARN_INFINITE_RECURSION = YES;
				CLANG_WARN_INT_CONVERSION = YES;
				CLANG_WARN_NON_LITERAL_NULL_CONVERSION = YES;
				CLANG_WARN_OBJC_IMPLICIT_RETAIN_SELF = YES;
				CLANG_WARN_OBJC_LITERAL_CONVERSION = YES;
				CLANG_WARN_OBJC_ROOT_CLASS = YES_ERROR;
				CLANG_WARN_QUOTED_INCLUDE_IN_FRAMEWORK_HEADER = YES;
				CLANG_WARN_RANGE_LOOP_ANALYSIS = YES;
				CLANG_WARN_STRICT_PROTOTYPES = YES;
				CLANG_WARN_SUSPICIOUS_MOVE = YES;
				CLANG_WARN_UNGUARDED_AVAILABILITY = YES_AGGRESSIVE;
				CLANG_WARN_UNREACHABLE_CODE = YES;
				CLANG_WARN__DUPLICATE_METHOD_MATCH = YES;
				COPY_PHASE_STRIP = NO;
				DEBUG_INFORMATION_FORMAT = dwarf;
				ENABLE_STRICT_OBJC_MSGSEND = YES;
				ENABLE_TESTABILITY = YES;
				ENABLE_USER_SCRIPT_SANDBOXING = NO;
				GCC_C_LANGUAGE_STANDARD = gnu17;
				GCC_DYNAMIC_NO_PIC = NO;
				GCC_NO_COMMON_BLOCKS = YES;
				GCC_OPTIMIZATION_LEVEL = 0;
				GCC_PREPROCESSOR_DEFINITIONS = (
					"DEBUG=1",
					"$(inherited)",
				);
				GCC_WARN_64_TO_32_BIT_CONVERSION = YES;
				GCC_WARN_ABOUT_RETURN_TYPE = YES_ERROR;
				GCC_WARN_UNDECLARED_SELECTOR = YES;
				GCC_WARN_UNINITIALIZED_AUTOS = YES_AGGRESSIVE;
				GCC_WARN_UNUSED_FUNCTION = YES;
				GCC_WARN_UNUSED_VARIABLE = YES;
				IPHONEOS_DEPLOYMENT_TARGET = 15.0;
				LOCALIZATION_PREFERS_STRING_CATALOGS = YES;
				MTL_ENABLE_DEBUG_INFO = INCLUDE_SOURCE;
				MTL_FAST_MATH = YES;
				ONLY_ACTIVE_ARCH = YES;
				SDKROOT = iphoneos;
				SWIFT_ACTIVE_COMPILATION_CONDITIONS = "DEBUG $(inherited)";
				SWIFT_OPTIMIZATION_LEVEL = "-Onone";
			};
			name = Debug;
		};
		2629DFC92BBC22D900EC6139 /* Release */ = {
			isa = XCBuildConfiguration;
			buildSettings = {
				ALWAYS_SEARCH_USER_PATHS = NO;
				ASSETCATALOG_COMPILER_GENERATE_SWIFT_ASSET_SYMBOL_EXTENSIONS = YES;
				CLANG_ANALYZER_NONNULL = YES;
				CLANG_ANALYZER_NUMBER_OBJECT_CONVERSION = YES_AGGRESSIVE;
				CLANG_CXX_LANGUAGE_STANDARD = "gnu++20";
				CLANG_ENABLE_MODULES = YES;
				CLANG_ENABLE_OBJC_ARC = YES;
				CLANG_ENABLE_OBJC_WEAK = YES;
				CLANG_WARN_BLOCK_CAPTURE_AUTORELEASING = YES;
				CLANG_WARN_BOOL_CONVERSION = YES;
				CLANG_WARN_COMMA = YES;
				CLANG_WARN_CONSTANT_CONVERSION = YES;
				CLANG_WARN_DEPRECATED_OBJC_IMPLEMENTATIONS = YES;
				CLANG_WARN_DIRECT_OBJC_ISA_USAGE = YES_ERROR;
				CLANG_WARN_DOCUMENTATION_COMMENTS = YES;
				CLANG_WARN_EMPTY_BODY = YES;
				CLANG_WARN_ENUM_CONVERSION = YES;
				CLANG_WARN_INFINITE_RECURSION = YES;
				CLANG_WARN_INT_CONVERSION = YES;
				CLANG_WARN_NON_LITERAL_NULL_CONVERSION = YES;
				CLANG_WARN_OBJC_IMPLICIT_RETAIN_SELF = YES;
				CLANG_WARN_OBJC_LITERAL_CONVERSION = YES;
				CLANG_WARN_OBJC_ROOT_CLASS = YES_ERROR;
				CLANG_WARN_QUOTED_INCLUDE_IN_FRAMEWORK_HEADER = YES;
				CLANG_WARN_RANGE_LOOP_ANALYSIS = YES;
				CLANG_WARN_STRICT_PROTOTYPES = YES;
				CLANG_WARN_SUSPICIOUS_MOVE = YES;
				CLANG_WARN_UNGUARDED_AVAILABILITY = YES_AGGRESSIVE;
				CLANG_WARN_UNREACHABLE_CODE = YES;
				CLANG_WARN__DUPLICATE_METHOD_MATCH = YES;
				COPY_PHASE_STRIP = NO;
				DEBUG_INFORMATION_FORMAT = "dwarf-with-dsym";
				ENABLE_NS_ASSERTIONS = NO;
				ENABLE_STRICT_OBJC_MSGSEND = YES;
				ENABLE_USER_SCRIPT_SANDBOXING = NO;
				GCC_C_LANGUAGE_STANDARD = gnu17;
				GCC_NO_COMMON_BLOCKS = YES;
				GCC_WARN_64_TO_32_BIT_CONVERSION = YES;
				GCC_WARN_ABOUT_RETURN_TYPE = YES_ERROR;
				GCC_WARN_UNDECLARED_SELECTOR = YES;
				GCC_WARN_UNINITIALIZED_AUTOS = YES_AGGRESSIVE;
				GCC_WARN_UNUSED_FUNCTION = YES;
				GCC_WARN_UNUSED_VARIABLE = YES;
				IPHONEOS_DEPLOYMENT_TARGET = 15.0;
				LOCALIZATION_PREFERS_STRING_CATALOGS = YES;
				MTL_ENABLE_DEBUG_INFO = NO;
				MTL_FAST_MATH = YES;
				SDKROOT = iphoneos;
				SWIFT_COMPILATION_MODE = wholemodule;
				VALIDATE_PRODUCT = YES;
			};
			name = Release;
		};
		2629DFCB2BBC22D900EC6139 /* Debug */ = {
			isa = XCBuildConfiguration;
			buildSettings = {
				ASSETCATALOG_COMPILER_APPICON_NAME = AppIcon;
				ASSETCATALOG_COMPILER_GLOBAL_ACCENT_COLOR_NAME = AccentColor;
				CODE_SIGN_STYLE = Automatic;
				CURRENT_PROJECT_VERSION = 1;
				DEVELOPMENT_TEAM = 5WP87G693S;
				GENERATE_INFOPLIST_FILE = YES;
				INFOPLIST_FILE = F1/Info.plist;
				INFOPLIST_KEY_UIApplicationSupportsIndirectInputEvents = YES;
				INFOPLIST_KEY_UILaunchStoryboardName = LaunchScreen;
				INFOPLIST_KEY_UIMainStoryboardFile = Main;
				INFOPLIST_KEY_UISupportedInterfaceOrientations = "UIInterfaceOrientationLandscapeLeft UIInterfaceOrientationLandscapeRight UIInterfaceOrientationPortrait UIInterfaceOrientationPortraitUpsideDown";
				IPHONEOS_DEPLOYMENT_TARGET = 17.2;
				LD_RUNPATH_SEARCH_PATHS = (
					"$(inherited)",
					"@executable_path/Frameworks",
				);
				MARKETING_VERSION = 1.0;
				PRODUCT_BUNDLE_IDENTIFIER = com.dvt.ksookdhew.F1;
				PRODUCT_NAME = "$(TARGET_NAME)";
				SWIFT_EMIT_LOC_STRINGS = YES;
				SWIFT_VERSION = 5.0;
				TARGETED_DEVICE_FAMILY = "1,2";
			};
			name = Debug;
		};
		2629DFCC2BBC22D900EC6139 /* Release */ = {
			isa = XCBuildConfiguration;
			buildSettings = {
				ASSETCATALOG_COMPILER_APPICON_NAME = AppIcon;
				ASSETCATALOG_COMPILER_GLOBAL_ACCENT_COLOR_NAME = AccentColor;
				CODE_SIGN_STYLE = Automatic;
				CURRENT_PROJECT_VERSION = 1;
				DEVELOPMENT_TEAM = 5WP87G693S;
				GENERATE_INFOPLIST_FILE = YES;
				INFOPLIST_FILE = F1/Info.plist;
				INFOPLIST_KEY_UIApplicationSupportsIndirectInputEvents = YES;
				INFOPLIST_KEY_UILaunchStoryboardName = LaunchScreen;
				INFOPLIST_KEY_UIMainStoryboardFile = Main;
				INFOPLIST_KEY_UISupportedInterfaceOrientations = "UIInterfaceOrientationLandscapeLeft UIInterfaceOrientationLandscapeRight UIInterfaceOrientationPortrait UIInterfaceOrientationPortraitUpsideDown";
				IPHONEOS_DEPLOYMENT_TARGET = 17.2;
				LD_RUNPATH_SEARCH_PATHS = (
					"$(inherited)",
					"@executable_path/Frameworks",
				);
				MARKETING_VERSION = 1.0;
				PRODUCT_BUNDLE_IDENTIFIER = com.dvt.ksookdhew.F1;
				PRODUCT_NAME = "$(TARGET_NAME)";
				SWIFT_EMIT_LOC_STRINGS = YES;
				SWIFT_VERSION = 5.0;
				TARGETED_DEVICE_FAMILY = "1,2";
			};
			name = Release;
		};
		2629DFCE2BBC22D900EC6139 /* Debug */ = {
			isa = XCBuildConfiguration;
			buildSettings = {
				ALWAYS_EMBED_SWIFT_STANDARD_LIBRARIES = YES;
				BUNDLE_LOADER = "$(TEST_HOST)";
				CODE_SIGN_STYLE = Automatic;
				CURRENT_PROJECT_VERSION = 1;
				DEVELOPMENT_TEAM = 5WP87G693S;
				GENERATE_INFOPLIST_FILE = YES;
				IPHONEOS_DEPLOYMENT_TARGET = 17.2;
				MARKETING_VERSION = 1.0;
				PRODUCT_BUNDLE_IDENTIFIER = com.dvt.ksookdhew.F1Tests;
				PRODUCT_NAME = "$(TARGET_NAME)";
				SWIFT_EMIT_LOC_STRINGS = NO;
				SWIFT_VERSION = 5.0;
				TARGETED_DEVICE_FAMILY = "1,2";
				TEST_HOST = "$(BUILT_PRODUCTS_DIR)/F1.app/$(BUNDLE_EXECUTABLE_FOLDER_PATH)/F1";
			};
			name = Debug;
		};
		2629DFCF2BBC22D900EC6139 /* Release */ = {
			isa = XCBuildConfiguration;
			buildSettings = {
				ALWAYS_EMBED_SWIFT_STANDARD_LIBRARIES = YES;
				BUNDLE_LOADER = "$(TEST_HOST)";
				CODE_SIGN_STYLE = Automatic;
				CURRENT_PROJECT_VERSION = 1;
				DEVELOPMENT_TEAM = 5WP87G693S;
				GENERATE_INFOPLIST_FILE = YES;
				IPHONEOS_DEPLOYMENT_TARGET = 17.2;
				MARKETING_VERSION = 1.0;
				PRODUCT_BUNDLE_IDENTIFIER = com.dvt.ksookdhew.F1Tests;
				PRODUCT_NAME = "$(TARGET_NAME)";
				SWIFT_EMIT_LOC_STRINGS = NO;
				SWIFT_VERSION = 5.0;
				TARGETED_DEVICE_FAMILY = "1,2";
				TEST_HOST = "$(BUILT_PRODUCTS_DIR)/F1.app/$(BUNDLE_EXECUTABLE_FOLDER_PATH)/F1";
			};
			name = Release;
		};
		2629DFD12BBC22D900EC6139 /* Debug */ = {
			isa = XCBuildConfiguration;
			buildSettings = {
				ALWAYS_EMBED_SWIFT_STANDARD_LIBRARIES = YES;
				CODE_SIGN_STYLE = Automatic;
				CURRENT_PROJECT_VERSION = 1;
				DEVELOPMENT_TEAM = 5WP87G693S;
				GENERATE_INFOPLIST_FILE = YES;
				MARKETING_VERSION = 1.0;
				PRODUCT_BUNDLE_IDENTIFIER = com.dvt.ksookdhew.F1UITests;
				PRODUCT_NAME = "$(TARGET_NAME)";
				SWIFT_EMIT_LOC_STRINGS = NO;
				SWIFT_VERSION = 5.0;
				TARGETED_DEVICE_FAMILY = "1,2";
				TEST_TARGET_NAME = F1;
			};
			name = Debug;
		};
		2629DFD22BBC22D900EC6139 /* Release */ = {
			isa = XCBuildConfiguration;
			buildSettings = {
				ALWAYS_EMBED_SWIFT_STANDARD_LIBRARIES = YES;
				CODE_SIGN_STYLE = Automatic;
				CURRENT_PROJECT_VERSION = 1;
				DEVELOPMENT_TEAM = 5WP87G693S;
				GENERATE_INFOPLIST_FILE = YES;
				MARKETING_VERSION = 1.0;
				PRODUCT_BUNDLE_IDENTIFIER = com.dvt.ksookdhew.F1UITests;
				PRODUCT_NAME = "$(TARGET_NAME)";
				SWIFT_EMIT_LOC_STRINGS = NO;
				SWIFT_VERSION = 5.0;
				TARGETED_DEVICE_FAMILY = "1,2";
				TEST_TARGET_NAME = F1;
			};
			name = Release;
		};
/* End XCBuildConfiguration section */

/* Begin XCConfigurationList section */
		2629DF9B2BBC22D600EC6139 /* Build configuration list for PBXProject "F1" */ = {
			isa = XCConfigurationList;
			buildConfigurations = (
				2629DFC82BBC22D900EC6139 /* Debug */,
				2629DFC92BBC22D900EC6139 /* Release */,
			);
			defaultConfigurationIsVisible = 0;
			defaultConfigurationName = Release;
		};
		2629DFCA2BBC22D900EC6139 /* Build configuration list for PBXNativeTarget "F1" */ = {
			isa = XCConfigurationList;
			buildConfigurations = (
				2629DFCB2BBC22D900EC6139 /* Debug */,
				2629DFCC2BBC22D900EC6139 /* Release */,
			);
			defaultConfigurationIsVisible = 0;
			defaultConfigurationName = Release;
		};
		2629DFCD2BBC22D900EC6139 /* Build configuration list for PBXNativeTarget "F1Tests" */ = {
			isa = XCConfigurationList;
			buildConfigurations = (
				2629DFCE2BBC22D900EC6139 /* Debug */,
				2629DFCF2BBC22D900EC6139 /* Release */,
			);
			defaultConfigurationIsVisible = 0;
			defaultConfigurationName = Release;
		};
		2629DFD02BBC22D900EC6139 /* Build configuration list for PBXNativeTarget "F1UITests" */ = {
			isa = XCConfigurationList;
			buildConfigurations = (
				2629DFD12BBC22D900EC6139 /* Debug */,
				2629DFD22BBC22D900EC6139 /* Release */,
			);
			defaultConfigurationIsVisible = 0;
			defaultConfigurationName = Release;
		};
/* End XCConfigurationList section */
	};
	rootObject = 2629DF982BBC22D600EC6139 /* Project object */;
}
