// !$*UTF8*$!
{
	archiveVersion = 1;
	classes = {
	};
	objectVersion = 56;
	objects = {

/* Begin PBXBuildFile section */
		2629DFA42BBC22D600EC6139 /* AppDelegate.swift in Sources */ = {isa = PBXBuildFile; fileRef = 2629DFA32BBC22D600EC6139 /* AppDelegate.swift */; };
		2629DFA62BBC22D600EC6139 /* SceneDelegate.swift in Sources */ = {isa = PBXBuildFile; fileRef = 2629DFA52BBC22D600EC6139 /* SceneDelegate.swift */; };
		2629DFA82BBC22D600EC6139 /* ViewController.swift in Sources */ = {isa = PBXBuildFile; fileRef = 2629DFA72BBC22D600EC6139 /* ViewController.swift */; };
		2629DFAB2BBC22D600EC6139 /* Main.storyboard in Resources */ = {isa = PBXBuildFile; fileRef = 2629DFA92BBC22D600EC6139 /* Main.storyboard */; };
		2629DFAD2BBC22D900EC6139 /* Assets.xcassets in Resources */ = {isa = PBXBuildFile; fileRef = 2629DFAC2BBC22D900EC6139 /* Assets.xcassets */; };
		2629DFB02BBC22D900EC6139 /* LaunchScreen.storyboard in Resources */ = {isa = PBXBuildFile; fileRef = 2629DFAE2BBC22D900EC6139 /* LaunchScreen.storyboard */; };
		2629DFBB2BBC22D900EC6139 /* F1Tests.swift in Sources */ = {isa = PBXBuildFile; fileRef = 2629DFBA2BBC22D900EC6139 /* F1Tests.swift */; };
		2629DFC52BBC22D900EC6139 /* F1UITests.swift in Sources */ = {isa = PBXBuildFile; fileRef = 2629DFC42BBC22D900EC6139 /* F1UITests.swift */; };
		2629DFC72BBC22D900EC6139 /* F1UITestsLaunchTests.swift in Sources */ = {isa = PBXBuildFile; fileRef = 2629DFC62BBC22D900EC6139 /* F1UITestsLaunchTests.swift */; };
		2629E0202BBC34CA00EC6139 /* RaceModel.swift in Sources */ = {isa = PBXBuildFile; fileRef = 2629E0192BBC34CA00EC6139 /* RaceModel.swift */; };
		2629E0212BBC34CA00EC6139 /* ConstructorStandingsModel.swift in Sources */ = {isa = PBXBuildFile; fileRef = 2629E01A2BBC34CA00EC6139 /* ConstructorStandingsModel.swift */; };
		2629E0222BBC34CA00EC6139 /* DriverStandingsModel.swift in Sources */ = {isa = PBXBuildFile; fileRef = 2629E01B2BBC34CA00EC6139 /* DriverStandingsModel.swift */; };
		2629E0232BBC34CA00EC6139 /* ConstructorModel.swift in Sources */ = {isa = PBXBuildFile; fileRef = 2629E01C2BBC34CA00EC6139 /* ConstructorModel.swift */; };
		2629E0242BBC34CA00EC6139 /* DriverModel.swift in Sources */ = {isa = PBXBuildFile; fileRef = 2629E01D2BBC34CA00EC6139 /* DriverModel.swift */; };
		2629E0252BBC34CA00EC6139 /* ResultsModel.swift in Sources */ = {isa = PBXBuildFile; fileRef = 2629E01E2BBC34CA00EC6139 /* ResultsModel.swift */; };
		2629E0262BBC34CA00EC6139 /* CircuitModel.swift in Sources */ = {isa = PBXBuildFile; fileRef = 2629E01F2BBC34CA00EC6139 /* CircuitModel.swift */; };
		2629E02A2BBC350100EC6139 /* F1Repository.swift in Sources */ = {isa = PBXBuildFile; fileRef = 2629E0292BBC350100EC6139 /* F1Repository.swift */; };
		2629E02D2BBC354D00EC6139 /* ServiceErrors.swift in Sources */ = {isa = PBXBuildFile; fileRef = 2629E02C2BBC354D00EC6139 /* ServiceErrors.swift */; };
		2629E0322BBC35C200EC6139 /* DriverStandingsViewModel.swift in Sources */ = {isa = PBXBuildFile; fileRef = 2629E02F2BBC35C100EC6139 /* DriverStandingsViewModel.swift */; };
		2629E0332BBC35C200EC6139 /* DriverStandings.storyboard in Resources */ = {isa = PBXBuildFile; fileRef = 2629E0302BBC35C200EC6139 /* DriverStandings.storyboard */; };
		2629E0342BBC35C200EC6139 /* DriverStandingsViewController.swift in Sources */ = {isa = PBXBuildFile; fileRef = 2629E0312BBC35C200EC6139 /* DriverStandingsViewController.swift */; };
		2629E03A2BBC366800EC6139 /* ConstructorStandingsViewController.swift in Sources */ = {isa = PBXBuildFile; fileRef = 2629E0372BBC366800EC6139 /* ConstructorStandingsViewController.swift */; };
		2629E03B2BBC366800EC6139 /* ConstructorStandingsViewModel.swift in Sources */ = {isa = PBXBuildFile; fileRef = 2629E0382BBC366800EC6139 /* ConstructorStandingsViewModel.swift */; };
		2629E03C2BBC366800EC6139 /* ConstructorStandings.storyboard in Resources */ = {isa = PBXBuildFile; fileRef = 2629E0392BBC366800EC6139 /* ConstructorStandings.storyboard */; };
/* End PBXBuildFile section */

/* Begin PBXContainerItemProxy section */
		2629DFB72BBC22D900EC6139 /* PBXContainerItemProxy */ = {
			isa = PBXContainerItemProxy;
			containerPortal = 2629DF982BBC22D600EC6139 /* Project object */;
			proxyType = 1;
			remoteGlobalIDString = 2629DF9F2BBC22D600EC6139;
			remoteInfo = F1;
		};
		2629DFC12BBC22D900EC6139 /* PBXContainerItemProxy */ = {
			isa = PBXContainerItemProxy;
			containerPortal = 2629DF982BBC22D600EC6139 /* Project object */;
			proxyType = 1;
			remoteGlobalIDString = 2629DF9F2BBC22D600EC6139;
			remoteInfo = F1;
		};
/* End PBXContainerItemProxy section */

/* Begin PBXFileReference section */
		2629DFA02BBC22D600EC6139 /* F1.app */ = {isa = PBXFileReference; explicitFileType = wrapper.application; includeInIndex = 0; path = F1.app; sourceTree = BUILT_PRODUCTS_DIR; };
		2629DFA32BBC22D600EC6139 /* AppDelegate.swift */ = {isa = PBXFileReference; lastKnownFileType = sourcecode.swift; path = AppDelegate.swift; sourceTree = "<group>"; };
		2629DFA52BBC22D600EC6139 /* SceneDelegate.swift */ = {isa = PBXFileReference; lastKnownFileType = sourcecode.swift; path = SceneDelegate.swift; sourceTree = "<group>"; };
		2629DFA72BBC22D600EC6139 /* ViewController.swift */ = {isa = PBXFileReference; lastKnownFileType = sourcecode.swift; path = ViewController.swift; sourceTree = "<group>"; };
		2629DFAA2BBC22D600EC6139 /* Base */ = {isa = PBXFileReference; lastKnownFileType = file.storyboard; name = Base; path = Base.lproj/Main.storyboard; sourceTree = "<group>"; };
		2629DFAC2BBC22D900EC6139 /* Assets.xcassets */ = {isa = PBXFileReference; lastKnownFileType = folder.assetcatalog; path = Assets.xcassets; sourceTree = "<group>"; };
		2629DFAF2BBC22D900EC6139 /* Base */ = {isa = PBXFileReference; lastKnownFileType = file.storyboard; name = Base; path = Base.lproj/LaunchScreen.storyboard; sourceTree = "<group>"; };
		2629DFB12BBC22D900EC6139 /* Info.plist */ = {isa = PBXFileReference; lastKnownFileType = text.plist.xml; path = Info.plist; sourceTree = "<group>"; };
		2629DFB62BBC22D900EC6139 /* F1Tests.xctest */ = {isa = PBXFileReference; explicitFileType = wrapper.cfbundle; includeInIndex = 0; path = F1Tests.xctest; sourceTree = BUILT_PRODUCTS_DIR; };
		2629DFBA2BBC22D900EC6139 /* F1Tests.swift */ = {isa = PBXFileReference; lastKnownFileType = sourcecode.swift; path = F1Tests.swift; sourceTree = "<group>"; };
		2629DFC02BBC22D900EC6139 /* F1UITests.xctest */ = {isa = PBXFileReference; explicitFileType = wrapper.cfbundle; includeInIndex = 0; path = F1UITests.xctest; sourceTree = BUILT_PRODUCTS_DIR; };
		2629DFC42BBC22D900EC6139 /* F1UITests.swift */ = {isa = PBXFileReference; lastKnownFileType = sourcecode.swift; path = F1UITests.swift; sourceTree = "<group>"; };
		2629DFC62BBC22D900EC6139 /* F1UITestsLaunchTests.swift */ = {isa = PBXFileReference; lastKnownFileType = sourcecode.swift; path = F1UITestsLaunchTests.swift; sourceTree = "<group>"; };
		2629E0192BBC34CA00EC6139 /* RaceModel.swift */ = {isa = PBXFileReference; fileEncoding = 4; lastKnownFileType = sourcecode.swift; path = RaceModel.swift; sourceTree = "<group>"; };
		2629E01A2BBC34CA00EC6139 /* ConstructorStandingsModel.swift */ = {isa = PBXFileReference; fileEncoding = 4; lastKnownFileType = sourcecode.swift; path = ConstructorStandingsModel.swift; sourceTree = "<group>"; };
		2629E01B2BBC34CA00EC6139 /* DriverStandingsModel.swift */ = {isa = PBXFileReference; fileEncoding = 4; lastKnownFileType = sourcecode.swift; path = DriverStandingsModel.swift; sourceTree = "<group>"; };
		2629E01C2BBC34CA00EC6139 /* ConstructorModel.swift */ = {isa = PBXFileReference; fileEncoding = 4; lastKnownFileType = sourcecode.swift; path = ConstructorModel.swift; sourceTree = "<group>"; };
		2629E01D2BBC34CA00EC6139 /* DriverModel.swift */ = {isa = PBXFileReference; fileEncoding = 4; lastKnownFileType = sourcecode.swift; path = DriverModel.swift; sourceTree = "<group>"; };
		2629E01E2BBC34CA00EC6139 /* ResultsModel.swift */ = {isa = PBXFileReference; fileEncoding = 4; lastKnownFileType = sourcecode.swift; path = ResultsModel.swift; sourceTree = "<group>"; };
		2629E01F2BBC34CA00EC6139 /* CircuitModel.swift */ = {isa = PBXFileReference; fileEncoding = 4; lastKnownFileType = sourcecode.swift; path = CircuitModel.swift; sourceTree = "<group>"; };
		2629E0292BBC350100EC6139 /* F1Repository.swift */ = {isa = PBXFileReference; lastKnownFileType = sourcecode.swift; path = F1Repository.swift; sourceTree = "<group>"; };
		2629E02C2BBC354D00EC6139 /* ServiceErrors.swift */ = {isa = PBXFileReference; fileEncoding = 4; lastKnownFileType = sourcecode.swift; path = ServiceErrors.swift; sourceTree = "<group>"; };
		2629E02F2BBC35C100EC6139 /* DriverStandingsViewModel.swift */ = {isa = PBXFileReference; fileEncoding = 4; lastKnownFileType = sourcecode.swift; path = DriverStandingsViewModel.swift; sourceTree = "<group>"; };
		2629E0302BBC35C200EC6139 /* DriverStandings.storyboard */ = {isa = PBXFileReference; fileEncoding = 4; lastKnownFileType = file.storyboard; path = DriverStandings.storyboard; sourceTree = "<group>"; };
		2629E0312BBC35C200EC6139 /* DriverStandingsViewController.swift */ = {isa = PBXFileReference; fileEncoding = 4; lastKnownFileType = sourcecode.swift; path = DriverStandingsViewController.swift; sourceTree = "<group>"; };
		2629E0372BBC366800EC6139 /* ConstructorStandingsViewController.swift */ = {isa = PBXFileReference; fileEncoding = 4; lastKnownFileType = sourcecode.swift; path = ConstructorStandingsViewController.swift; sourceTree = "<group>"; };
		2629E0382BBC366800EC6139 /* ConstructorStandingsViewModel.swift */ = {isa = PBXFileReference; fileEncoding = 4; lastKnownFileType = sourcecode.swift; path = ConstructorStandingsViewModel.swift; sourceTree = "<group>"; };
		2629E0392BBC366800EC6139 /* ConstructorStandings.storyboard */ = {isa = PBXFileReference; fileEncoding = 4; lastKnownFileType = file.storyboard; path = ConstructorStandings.storyboard; sourceTree = "<group>"; };
/* End PBXFileReference section */

/* Begin PBXFrameworksBuildPhase section */
		2629DF9D2BBC22D600EC6139 /* Frameworks */ = {
			isa = PBXFrameworksBuildPhase;
			buildActionMask = 2147483647;
			files = (
			);
			runOnlyForDeploymentPostprocessing = 0;
		};
		2629DFB32BBC22D900EC6139 /* Frameworks */ = {
			isa = PBXFrameworksBuildPhase;
			buildActionMask = 2147483647;
			files = (
			);
			runOnlyForDeploymentPostprocessing = 0;
		};
		2629DFBD2BBC22D900EC6139 /* Frameworks */ = {
			isa = PBXFrameworksBuildPhase;
			buildActionMask = 2147483647;
			files = (
			);
			runOnlyForDeploymentPostprocessing = 0;
		};
/* End PBXFrameworksBuildPhase section */

/* Begin PBXGroup section */
		2629DF972BBC22D600EC6139 = {
			isa = PBXGroup;
			children = (
				2629DFA22BBC22D600EC6139 /* F1 */,
				2629DFB92BBC22D900EC6139 /* F1Tests */,
				2629DFC32BBC22D900EC6139 /* F1UITests */,
				2629DFA12BBC22D600EC6139 /* Products */,
			);
			sourceTree = "<group>";
		};
		2629DFA12BBC22D600EC6139 /* Products */ = {
			isa = PBXGroup;
			children = (
				2629DFA02BBC22D600EC6139 /* F1.app */,
				2629DFB62BBC22D900EC6139 /* F1Tests.xctest */,
				2629DFC02BBC22D900EC6139 /* F1UITests.xctest */,
			);
			name = Products;
			sourceTree = "<group>";
		};
		2629DFA22BBC22D600EC6139 /* F1 */ = {
			isa = PBXGroup;
			children = (
				2629E0362BBC365400EC6139 /* ConstructorStandings */,
				2629E02E2BBC35AC00EC6139 /* DriverStandings */,
				2629E02B2BBC354D00EC6139 /* Service Layer */,
				2629E0282BBC34EF00EC6139 /* Repositories */,
				2629E0182BBC34CA00EC6139 /* Models */,
				2629E0272BBC34E100EC6139 /* Config */,
				2629DFB12BBC22D900EC6139 /* Info.plist */,
			);
			path = F1;
			sourceTree = "<group>";
		};
		2629DFB92BBC22D900EC6139 /* F1Tests */ = {
			isa = PBXGroup;
			children = (
				2629DFBA2BBC22D900EC6139 /* F1Tests.swift */,
			);
			path = F1Tests;
			sourceTree = "<group>";
		};
		2629DFC32BBC22D900EC6139 /* F1UITests */ = {
			isa = PBXGroup;
			children = (
				2629DFC42BBC22D900EC6139 /* F1UITests.swift */,
				2629DFC62BBC22D900EC6139 /* F1UITestsLaunchTests.swift */,
			);
			path = F1UITests;
			sourceTree = "<group>";
		};
		2629E0182BBC34CA00EC6139 /* Models */ = {
			isa = PBXGroup;
			children = (
				2629E0192BBC34CA00EC6139 /* RaceModel.swift */,
				2629E01A2BBC34CA00EC6139 /* ConstructorStandingsModel.swift */,
				2629E01B2BBC34CA00EC6139 /* DriverStandingsModel.swift */,
				2629E01C2BBC34CA00EC6139 /* ConstructorModel.swift */,
				2629E01D2BBC34CA00EC6139 /* DriverModel.swift */,
				2629E01E2BBC34CA00EC6139 /* ResultsModel.swift */,
				2629E01F2BBC34CA00EC6139 /* CircuitModel.swift */,
			);
			name = Models;
			path = ../../../Desktop/Models;
			sourceTree = "<group>";
		};
		2629E0272BBC34E100EC6139 /* Config */ = {
			isa = PBXGroup;
			children = (
				2629DFA32BBC22D600EC6139 /* AppDelegate.swift */,
				2629DFA52BBC22D600EC6139 /* SceneDelegate.swift */,
				2629DFA72BBC22D600EC6139 /* ViewController.swift */,
				2629DFA92BBC22D600EC6139 /* Main.storyboard */,
				2629DFAC2BBC22D900EC6139 /* Assets.xcassets */,
				2629DFAE2BBC22D900EC6139 /* LaunchScreen.storyboard */,
			);
			path = Config;
			sourceTree = "<group>";
		};
		2629E0282BBC34EF00EC6139 /* Repositories */ = {
			isa = PBXGroup;
			children = (
				2629E0292BBC350100EC6139 /* F1Repository.swift */,
			);
			path = Repositories;
			sourceTree = "<group>";
		};
		2629E02B2BBC354D00EC6139 /* Service Layer */ = {
			isa = PBXGroup;
			children = (
				2629E02C2BBC354D00EC6139 /* ServiceErrors.swift */,
			);
			path = "Service Layer";
			sourceTree = "<group>";
		};
		2629E02E2BBC35AC00EC6139 /* DriverStandings */ = {
			isa = PBXGroup;
			children = (
				2629E0302BBC35C200EC6139 /* DriverStandings.storyboard */,
				2629E0312BBC35C200EC6139 /* DriverStandingsViewController.swift */,
				2629E02F2BBC35C100EC6139 /* DriverStandingsViewModel.swift */,
			);
			path = DriverStandings;
			sourceTree = "<group>";
		};
		2629E0362BBC365400EC6139 /* ConstructorStandings */ = {
			isa = PBXGroup;
			children = (
				2629E0392BBC366800EC6139 /* ConstructorStandings.storyboard */,
				2629E0372BBC366800EC6139 /* ConstructorStandingsViewController.swift */,
				2629E0382BBC366800EC6139 /* ConstructorStandingsViewModel.swift */,
			);
			path = ConstructorStandings;
			sourceTree = "<group>";
		};
/* End PBXGroup section */

/* Begin PBXNativeTarget section */
		2629DF9F2BBC22D600EC6139 /* F1 */ = {
			isa = PBXNativeTarget;
			buildConfigurationList = 2629DFCA2BBC22D900EC6139 /* Build configuration list for PBXNativeTarget "F1" */;
			buildPhases = (
				2629DF9C2BBC22D600EC6139 /* Sources */,
				2629DF9D2BBC22D600EC6139 /* Frameworks */,
				2629DF9E2BBC22D600EC6139 /* Resources */,
			);
			buildRules = (
			);
			dependencies = (
			);
			name = F1;
			productName = F1;
			productReference = 2629DFA02BBC22D600EC6139 /* F1.app */;
			productType = "com.apple.product-type.application";
		};
		2629DFB52BBC22D900EC6139 /* F1Tests */ = {
			isa = PBXNativeTarget;
			buildConfigurationList = 2629DFCD2BBC22D900EC6139 /* Build configuration list for PBXNativeTarget "F1Tests" */;
			buildPhases = (
				2629DFB22BBC22D900EC6139 /* Sources */,
				2629DFB32BBC22D900EC6139 /* Frameworks */,
				2629DFB42BBC22D900EC6139 /* Resources */,
			);
			buildRules = (
			);
			dependencies = (
				2629DFB82BBC22D900EC6139 /* PBXTargetDependency */,
			);
			name = F1Tests;
			productName = F1Tests;
			productReference = 2629DFB62BBC22D900EC6139 /* F1Tests.xctest */;
			productType = "com.apple.product-type.bundle.unit-test";
		};
		2629DFBF2BBC22D900EC6139 /* F1UITests */ = {
			isa = PBXNativeTarget;
			buildConfigurationList = 2629DFD02BBC22D900EC6139 /* Build configuration list for PBXNativeTarget "F1UITests" */;
			buildPhases = (
				2629DFBC2BBC22D900EC6139 /* Sources */,
				2629DFBD2BBC22D900EC6139 /* Frameworks */,
				2629DFBE2BBC22D900EC6139 /* Resources */,
			);
			buildRules = (
			);
			dependencies = (
				2629DFC22BBC22D900EC6139 /* PBXTargetDependency */,
			);
			name = F1UITests;
			productName = F1UITests;
			productReference = 2629DFC02BBC22D900EC6139 /* F1UITests.xctest */;
			productType = "com.apple.product-type.bundle.ui-testing";
		};
/* End PBXNativeTarget section */

/* Begin PBXProject section */
		2629DF982BBC22D600EC6139 /* Project object */ = {
			isa = PBXProject;
			attributes = {
				BuildIndependentTargetsInParallel = 1;
				LastSwiftUpdateCheck = 1520;
				LastUpgradeCheck = 1520;
				TargetAttributes = {
					2629DF9F2BBC22D600EC6139 = {
						CreatedOnToolsVersion = 15.2;
					};
					2629DFB52BBC22D900EC6139 = {
						CreatedOnToolsVersion = 15.2;
						TestTargetID = 2629DF9F2BBC22D600EC6139;
					};
					2629DFBF2BBC22D900EC6139 = {
						CreatedOnToolsVersion = 15.2;
						TestTargetID = 2629DF9F2BBC22D600EC6139;
					};
				};
			};
			buildConfigurationList = 2629DF9B2BBC22D600EC6139 /* Build configuration list for PBXProject "F1" */;
			compatibilityVersion = "Xcode 14.0";
			developmentRegion = en;
			hasScannedForEncodings = 0;
			knownRegions = (
				en,
				Base,
			);
			mainGroup = 2629DF972BBC22D600EC6139;
			productRefGroup = 2629DFA12BBC22D600EC6139 /* Products */;
			projectDirPath = "";
			projectRoot = "";
			targets = (
				2629DF9F2BBC22D600EC6139 /* F1 */,
				2629DFB52BBC22D900EC6139 /* F1Tests */,
				2629DFBF2BBC22D900EC6139 /* F1UITests */,
			);
		};
/* End PBXProject section */

/* Begin PBXResourcesBuildPhase section */
		2629DF9E2BBC22D600EC6139 /* Resources */ = {
			isa = PBXResourcesBuildPhase;
			buildActionMask = 2147483647;
			files = (
				2629E03C2BBC366800EC6139 /* ConstructorStandings.storyboard in Resources */,
				2629E0332BBC35C200EC6139 /* DriverStandings.storyboard in Resources */,
				2629DFB02BBC22D900EC6139 /* LaunchScreen.storyboard in Resources */,
				2629DFAD2BBC22D900EC6139 /* Assets.xcassets in Resources */,
				2629DFAB2BBC22D600EC6139 /* Main.storyboard in Resources */,
			);
			runOnlyForDeploymentPostprocessing = 0;
		};
		2629DFB42BBC22D900EC6139 /* Resources */ = {
			isa = PBXResourcesBuildPhase;
			buildActionMask = 2147483647;
			files = (
			);
			runOnlyForDeploymentPostprocessing = 0;
		};
		2629DFBE2BBC22D900EC6139 /* Resources */ = {
			isa = PBXResourcesBuildPhase;
			buildActionMask = 2147483647;
			files = (
			);
			runOnlyForDeploymentPostprocessing = 0;
		};
/* End PBXResourcesBuildPhase section */

/* Begin PBXSourcesBuildPhase section */
		2629DF9C2BBC22D600EC6139 /* Sources */ = {
			isa = PBXSourcesBuildPhase;
			buildActionMask = 2147483647;
			files = (
				2629DFA82BBC22D600EC6139 /* ViewController.swift in Sources */,
				2629E0322BBC35C200EC6139 /* DriverStandingsViewModel.swift in Sources */,
				2629E0342BBC35C200EC6139 /* DriverStandingsViewController.swift in Sources */,
				2629E03B2BBC366800EC6139 /* ConstructorStandingsViewModel.swift in Sources */,
				2629E0242BBC34CA00EC6139 /* DriverModel.swift in Sources */,
				2629DFA42BBC22D600EC6139 /* AppDelegate.swift in Sources */,
				2629E03A2BBC366800EC6139 /* ConstructorStandingsViewController.swift in Sources */,
				2629E0202BBC34CA00EC6139 /* RaceModel.swift in Sources */,
				2629E02D2BBC354D00EC6139 /* ServiceErrors.swift in Sources */,
				2629DFA62BBC22D600EC6139 /* SceneDelegate.swift in Sources */,
				2629E0232BBC34CA00EC6139 /* ConstructorModel.swift in Sources */,
				2629E0252BBC34CA00EC6139 /* ResultsModel.swift in Sources */,
				2629E02A2BBC350100EC6139 /* F1Repository.swift in Sources */,
				2629E0212BBC34CA00EC6139 /* ConstructorStandingsModel.swift in Sources */,
				2629E0222BBC34CA00EC6139 /* DriverStandingsModel.swift in Sources */,
				2629E0262BBC34CA00EC6139 /* CircuitModel.swift in Sources */,
			);
			runOnlyForDeploymentPostprocessing = 0;
		};
		2629DFB22BBC22D900EC6139 /* Sources */ = {
			isa = PBXSourcesBuildPhase;
			buildActionMask = 2147483647;
			files = (
				2629DFBB2BBC22D900EC6139 /* F1Tests.swift in Sources */,
			);
			runOnlyForDeploymentPostprocessing = 0;
		};
		2629DFBC2BBC22D900EC6139 /* Sources */ = {
			isa = PBXSourcesBuildPhase;
			buildActionMask = 2147483647;
			files = (
				2629DFC52BBC22D900EC6139 /* F1UITests.swift in Sources */,
				2629DFC72BBC22D900EC6139 /* F1UITestsLaunchTests.swift in Sources */,
			);
			runOnlyForDeploymentPostprocessing = 0;
		};
/* End PBXSourcesBuildPhase section */

/* Begin PBXTargetDependency section */
		2629DFB82BBC22D900EC6139 /* PBXTargetDependency */ = {
			isa = PBXTargetDependency;
			target = 2629DF9F2BBC22D600EC6139 /* F1 */;
			targetProxy = 2629DFB72BBC22D900EC6139 /* PBXContainerItemProxy */;
		};
		2629DFC22BBC22D900EC6139 /* PBXTargetDependency */ = {
			isa = PBXTargetDependency;
			target = 2629DF9F2BBC22D600EC6139 /* F1 */;
			targetProxy = 2629DFC12BBC22D900EC6139 /* PBXContainerItemProxy */;
		};
/* End PBXTargetDependency section */

/* Begin PBXVariantGroup section */
		2629DFA92BBC22D600EC6139 /* Main.storyboard */ = {
			isa = PBXVariantGroup;
			children = (
				2629DFAA2BBC22D600EC6139 /* Base */,
			);
			name = Main.storyboard;
			sourceTree = "<group>";
		};
		2629DFAE2BBC22D900EC6139 /* LaunchScreen.storyboard */ = {
			isa = PBXVariantGroup;
			children = (
				2629DFAF2BBC22D900EC6139 /* Base */,
			);
			name = LaunchScreen.storyboard;
			sourceTree = "<group>";
		};
/* End PBXVariantGroup section */

/* Begin XCBuildConfiguration section */
		2629DFC82BBC22D900EC6139 /* Debug */ = {
			isa = XCBuildConfiguration;
			buildSettings = {
				ALWAYS_SEARCH_USER_PATHS = NO;
				ASSETCATALOG_COMPILER_GENERATE_SWIFT_ASSET_SYMBOL_EXTENSIONS = YES;
				CLANG_ANALYZER_NONNULL = YES;
				CLANG_ANALYZER_NUMBER_OBJECT_CONVERSION = YES_AGGRESSIVE;
				CLANG_CXX_LANGUAGE_STANDARD = "gnu++20";
				CLANG_ENABLE_MODULES = YES;
				CLANG_ENABLE_OBJC_ARC = YES;
				CLANG_ENABLE_OBJC_WEAK = YES;
				CLANG_WARN_BLOCK_CAPTURE_AUTORELEASING = YES;
				CLANG_WARN_BOOL_CONVERSION = YES;
				CLANG_WARN_COMMA = YES;
				CLANG_WARN_CONSTANT_CONVERSION = YES;
				CLANG_WARN_DEPRECATED_OBJC_IMPLEMENTATIONS = YES;
				CLANG_WARN_DIRECT_OBJC_ISA_USAGE = YES_ERROR;
				CLANG_WARN_DOCUMENTATION_COMMENTS = YES;
				CLANG_WARN_EMPTY_BODY = YES;
				CLANG_WARN_ENUM_CONVERSION = YES;
				CLANG_WARN_INFINITE_RECURSION = YES;
				CLANG_WARN_INT_CONVERSION = YES;
				CLANG_WARN_NON_LITERAL_NULL_CONVERSION = YES;
				CLANG_WARN_OBJC_IMPLICIT_RETAIN_SELF = YES;
				CLANG_WARN_OBJC_LITERAL_CONVERSION = YES;
				CLANG_WARN_OBJC_ROOT_CLASS = YES_ERROR;
				CLANG_WARN_QUOTED_INCLUDE_IN_FRAMEWORK_HEADER = YES;
				CLANG_WARN_RANGE_LOOP_ANALYSIS = YES;
				CLANG_WARN_STRICT_PROTOTYPES = YES;
				CLANG_WARN_SUSPICIOUS_MOVE = YES;
				CLANG_WARN_UNGUARDED_AVAILABILITY = YES_AGGRESSIVE;
				CLANG_WARN_UNREACHABLE_CODE = YES;
				CLANG_WARN__DUPLICATE_METHOD_MATCH = YES;
				COPY_PHASE_STRIP = NO;
				DEBUG_INFORMATION_FORMAT = dwarf;
				ENABLE_STRICT_OBJC_MSGSEND = YES;
				ENABLE_TESTABILITY = YES;
				ENABLE_USER_SCRIPT_SANDBOXING = YES;
				GCC_C_LANGUAGE_STANDARD = gnu17;
				GCC_DYNAMIC_NO_PIC = NO;
				GCC_NO_COMMON_BLOCKS = YES;
				GCC_OPTIMIZATION_LEVEL = 0;
				GCC_PREPROCESSOR_DEFINITIONS = (
					"DEBUG=1",
					"$(inherited)",
				);
				GCC_WARN_64_TO_32_BIT_CONVERSION = YES;
				GCC_WARN_ABOUT_RETURN_TYPE = YES_ERROR;
				GCC_WARN_UNDECLARED_SELECTOR = YES;
				GCC_WARN_UNINITIALIZED_AUTOS = YES_AGGRESSIVE;
				GCC_WARN_UNUSED_FUNCTION = YES;
				GCC_WARN_UNUSED_VARIABLE = YES;
				IPHONEOS_DEPLOYMENT_TARGET = 17.2;
				LOCALIZATION_PREFERS_STRING_CATALOGS = YES;
				MTL_ENABLE_DEBUG_INFO = INCLUDE_SOURCE;
				MTL_FAST_MATH = YES;
				ONLY_ACTIVE_ARCH = YES;
				SDKROOT = iphoneos;
				SWIFT_ACTIVE_COMPILATION_CONDITIONS = "DEBUG $(inherited)";
				SWIFT_OPTIMIZATION_LEVEL = "-Onone";
			};
			name = Debug;
		};
		2629DFC92BBC22D900EC6139 /* Release */ = {
			isa = XCBuildConfiguration;
			buildSettings = {
				ALWAYS_SEARCH_USER_PATHS = NO;
				ASSETCATALOG_COMPILER_GENERATE_SWIFT_ASSET_SYMBOL_EXTENSIONS = YES;
				CLANG_ANALYZER_NONNULL = YES;
				CLANG_ANALYZER_NUMBER_OBJECT_CONVERSION = YES_AGGRESSIVE;
				CLANG_CXX_LANGUAGE_STANDARD = "gnu++20";
				CLANG_ENABLE_MODULES = YES;
				CLANG_ENABLE_OBJC_ARC = YES;
				CLANG_ENABLE_OBJC_WEAK = YES;
				CLANG_WARN_BLOCK_CAPTURE_AUTORELEASING = YES;
				CLANG_WARN_BOOL_CONVERSION = YES;
				CLANG_WARN_COMMA = YES;
				CLANG_WARN_CONSTANT_CONVERSION = YES;
				CLANG_WARN_DEPRECATED_OBJC_IMPLEMENTATIONS = YES;
				CLANG_WARN_DIRECT_OBJC_ISA_USAGE = YES_ERROR;
				CLANG_WARN_DOCUMENTATION_COMMENTS = YES;
				CLANG_WARN_EMPTY_BODY = YES;
				CLANG_WARN_ENUM_CONVERSION = YES;
				CLANG_WARN_INFINITE_RECURSION = YES;
				CLANG_WARN_INT_CONVERSION = YES;
				CLANG_WARN_NON_LITERAL_NULL_CONVERSION = YES;
				CLANG_WARN_OBJC_IMPLICIT_RETAIN_SELF = YES;
				CLANG_WARN_OBJC_LITERAL_CONVERSION = YES;
				CLANG_WARN_OBJC_ROOT_CLASS = YES_ERROR;
				CLANG_WARN_QUOTED_INCLUDE_IN_FRAMEWORK_HEADER = YES;
				CLANG_WARN_RANGE_LOOP_ANALYSIS = YES;
				CLANG_WARN_STRICT_PROTOTYPES = YES;
				CLANG_WARN_SUSPICIOUS_MOVE = YES;
				CLANG_WARN_UNGUARDED_AVAILABILITY = YES_AGGRESSIVE;
				CLANG_WARN_UNREACHABLE_CODE = YES;
				CLANG_WARN__DUPLICATE_METHOD_MATCH = YES;
				COPY_PHASE_STRIP = NO;
				DEBUG_INFORMATION_FORMAT = "dwarf-with-dsym";
				ENABLE_NS_ASSERTIONS = NO;
				ENABLE_STRICT_OBJC_MSGSEND = YES;
				ENABLE_USER_SCRIPT_SANDBOXING = YES;
				GCC_C_LANGUAGE_STANDARD = gnu17;
				GCC_NO_COMMON_BLOCKS = YES;
				GCC_WARN_64_TO_32_BIT_CONVERSION = YES;
				GCC_WARN_ABOUT_RETURN_TYPE = YES_ERROR;
				GCC_WARN_UNDECLARED_SELECTOR = YES;
				GCC_WARN_UNINITIALIZED_AUTOS = YES_AGGRESSIVE;
				GCC_WARN_UNUSED_FUNCTION = YES;
				GCC_WARN_UNUSED_VARIABLE = YES;
				IPHONEOS_DEPLOYMENT_TARGET = 17.2;
				LOCALIZATION_PREFERS_STRING_CATALOGS = YES;
				MTL_ENABLE_DEBUG_INFO = NO;
				MTL_FAST_MATH = YES;
				SDKROOT = iphoneos;
				SWIFT_COMPILATION_MODE = wholemodule;
				VALIDATE_PRODUCT = YES;
			};
			name = Release;
		};
		2629DFCB2BBC22D900EC6139 /* Debug */ = {
			isa = XCBuildConfiguration;
			buildSettings = {
				ASSETCATALOG_COMPILER_APPICON_NAME = AppIcon;
				ASSETCATALOG_COMPILER_GLOBAL_ACCENT_COLOR_NAME = AccentColor;
				CODE_SIGN_STYLE = Automatic;
				CURRENT_PROJECT_VERSION = 1;
				DEVELOPMENT_TEAM = 5WP87G693S;
				GENERATE_INFOPLIST_FILE = YES;
				INFOPLIST_FILE = F1/Info.plist;
				INFOPLIST_KEY_UIApplicationSupportsIndirectInputEvents = YES;
				INFOPLIST_KEY_UILaunchStoryboardName = LaunchScreen;
				INFOPLIST_KEY_UIMainStoryboardFile = Main;
				INFOPLIST_KEY_UISupportedInterfaceOrientations_iPad = "UIInterfaceOrientationPortrait UIInterfaceOrientationPortraitUpsideDown UIInterfaceOrientationLandscapeLeft UIInterfaceOrientationLandscapeRight";
				INFOPLIST_KEY_UISupportedInterfaceOrientations_iPhone = "UIInterfaceOrientationPortrait UIInterfaceOrientationLandscapeLeft UIInterfaceOrientationLandscapeRight";
				LD_RUNPATH_SEARCH_PATHS = (
					"$(inherited)",
					"@executable_path/Frameworks",
				);
				MARKETING_VERSION = 1.0;
				PRODUCT_BUNDLE_IDENTIFIER = com.dvt.ksookdhew.F1;
				PRODUCT_NAME = "$(TARGET_NAME)";
				SWIFT_EMIT_LOC_STRINGS = YES;
				SWIFT_VERSION = 5.0;
				TARGETED_DEVICE_FAMILY = "1,2";
			};
			name = Debug;
		};
		2629DFCC2BBC22D900EC6139 /* Release */ = {
			isa = XCBuildConfiguration;
			buildSettings = {
				ASSETCATALOG_COMPILER_APPICON_NAME = AppIcon;
				ASSETCATALOG_COMPILER_GLOBAL_ACCENT_COLOR_NAME = AccentColor;
				CODE_SIGN_STYLE = Automatic;
				CURRENT_PROJECT_VERSION = 1;
				DEVELOPMENT_TEAM = 5WP87G693S;
				GENERATE_INFOPLIST_FILE = YES;
				INFOPLIST_FILE = F1/Info.plist;
				INFOPLIST_KEY_UIApplicationSupportsIndirectInputEvents = YES;
				INFOPLIST_KEY_UILaunchStoryboardName = LaunchScreen;
				INFOPLIST_KEY_UIMainStoryboardFile = Main;
				INFOPLIST_KEY_UISupportedInterfaceOrientations_iPad = "UIInterfaceOrientationPortrait UIInterfaceOrientationPortraitUpsideDown UIInterfaceOrientationLandscapeLeft UIInterfaceOrientationLandscapeRight";
				INFOPLIST_KEY_UISupportedInterfaceOrientations_iPhone = "UIInterfaceOrientationPortrait UIInterfaceOrientationLandscapeLeft UIInterfaceOrientationLandscapeRight";
				LD_RUNPATH_SEARCH_PATHS = (
					"$(inherited)",
					"@executable_path/Frameworks",
				);
				MARKETING_VERSION = 1.0;
				PRODUCT_BUNDLE_IDENTIFIER = com.dvt.ksookdhew.F1;
				PRODUCT_NAME = "$(TARGET_NAME)";
				SWIFT_EMIT_LOC_STRINGS = YES;
				SWIFT_VERSION = 5.0;
				TARGETED_DEVICE_FAMILY = "1,2";
			};
			name = Release;
		};
		2629DFCE2BBC22D900EC6139 /* Debug */ = {
			isa = XCBuildConfiguration;
			buildSettings = {
				ALWAYS_EMBED_SWIFT_STANDARD_LIBRARIES = YES;
				BUNDLE_LOADER = "$(TEST_HOST)";
				CODE_SIGN_STYLE = Automatic;
				CURRENT_PROJECT_VERSION = 1;
				DEVELOPMENT_TEAM = 5WP87G693S;
				GENERATE_INFOPLIST_FILE = YES;
				IPHONEOS_DEPLOYMENT_TARGET = 17.2;
				MARKETING_VERSION = 1.0;
				PRODUCT_BUNDLE_IDENTIFIER = com.dvt.ksookdhew.F1Tests;
				PRODUCT_NAME = "$(TARGET_NAME)";
				SWIFT_EMIT_LOC_STRINGS = NO;
				SWIFT_VERSION = 5.0;
				TARGETED_DEVICE_FAMILY = "1,2";
				TEST_HOST = "$(BUILT_PRODUCTS_DIR)/F1.app/$(BUNDLE_EXECUTABLE_FOLDER_PATH)/F1";
			};
			name = Debug;
		};
		2629DFCF2BBC22D900EC6139 /* Release */ = {
			isa = XCBuildConfiguration;
			buildSettings = {
				ALWAYS_EMBED_SWIFT_STANDARD_LIBRARIES = YES;
				BUNDLE_LOADER = "$(TEST_HOST)";
				CODE_SIGN_STYLE = Automatic;
				CURRENT_PROJECT_VERSION = 1;
				DEVELOPMENT_TEAM = 5WP87G693S;
				GENERATE_INFOPLIST_FILE = YES;
				IPHONEOS_DEPLOYMENT_TARGET = 17.2;
				MARKETING_VERSION = 1.0;
				PRODUCT_BUNDLE_IDENTIFIER = com.dvt.ksookdhew.F1Tests;
				PRODUCT_NAME = "$(TARGET_NAME)";
				SWIFT_EMIT_LOC_STRINGS = NO;
				SWIFT_VERSION = 5.0;
				TARGETED_DEVICE_FAMILY = "1,2";
				TEST_HOST = "$(BUILT_PRODUCTS_DIR)/F1.app/$(BUNDLE_EXECUTABLE_FOLDER_PATH)/F1";
			};
			name = Release;
		};
		2629DFD12BBC22D900EC6139 /* Debug */ = {
			isa = XCBuildConfiguration;
			buildSettings = {
				ALWAYS_EMBED_SWIFT_STANDARD_LIBRARIES = YES;
				CODE_SIGN_STYLE = Automatic;
				CURRENT_PROJECT_VERSION = 1;
				DEVELOPMENT_TEAM = 5WP87G693S;
				GENERATE_INFOPLIST_FILE = YES;
				MARKETING_VERSION = 1.0;
				PRODUCT_BUNDLE_IDENTIFIER = com.dvt.ksookdhew.F1UITests;
				PRODUCT_NAME = "$(TARGET_NAME)";
				SWIFT_EMIT_LOC_STRINGS = NO;
				SWIFT_VERSION = 5.0;
				TARGETED_DEVICE_FAMILY = "1,2";
				TEST_TARGET_NAME = F1;
			};
			name = Debug;
		};
		2629DFD22BBC22D900EC6139 /* Release */ = {
			isa = XCBuildConfiguration;
			buildSettings = {
				ALWAYS_EMBED_SWIFT_STANDARD_LIBRARIES = YES;
				CODE_SIGN_STYLE = Automatic;
				CURRENT_PROJECT_VERSION = 1;
				DEVELOPMENT_TEAM = 5WP87G693S;
				GENERATE_INFOPLIST_FILE = YES;
				MARKETING_VERSION = 1.0;
				PRODUCT_BUNDLE_IDENTIFIER = com.dvt.ksookdhew.F1UITests;
				PRODUCT_NAME = "$(TARGET_NAME)";
				SWIFT_EMIT_LOC_STRINGS = NO;
				SWIFT_VERSION = 5.0;
				TARGETED_DEVICE_FAMILY = "1,2";
				TEST_TARGET_NAME = F1;
			};
			name = Release;
		};
/* End XCBuildConfiguration section */

/* Begin XCConfigurationList section */
		2629DF9B2BBC22D600EC6139 /* Build configuration list for PBXProject "F1" */ = {
			isa = XCConfigurationList;
			buildConfigurations = (
				2629DFC82BBC22D900EC6139 /* Debug */,
				2629DFC92BBC22D900EC6139 /* Release */,
			);
			defaultConfigurationIsVisible = 0;
			defaultConfigurationName = Release;
		};
		2629DFCA2BBC22D900EC6139 /* Build configuration list for PBXNativeTarget "F1" */ = {
			isa = XCConfigurationList;
			buildConfigurations = (
				2629DFCB2BBC22D900EC6139 /* Debug */,
				2629DFCC2BBC22D900EC6139 /* Release */,
			);
			defaultConfigurationIsVisible = 0;
			defaultConfigurationName = Release;
		};
		2629DFCD2BBC22D900EC6139 /* Build configuration list for PBXNativeTarget "F1Tests" */ = {
			isa = XCConfigurationList;
			buildConfigurations = (
				2629DFCE2BBC22D900EC6139 /* Debug */,
				2629DFCF2BBC22D900EC6139 /* Release */,
			);
			defaultConfigurationIsVisible = 0;
			defaultConfigurationName = Release;
		};
		2629DFD02BBC22D900EC6139 /* Build configuration list for PBXNativeTarget "F1UITests" */ = {
			isa = XCConfigurationList;
			buildConfigurations = (
				2629DFD12BBC22D900EC6139 /* Debug */,
				2629DFD22BBC22D900EC6139 /* Release */,
			);
			defaultConfigurationIsVisible = 0;
			defaultConfigurationName = Release;
		};
/* End XCConfigurationList section */
	};
	rootObject = 2629DF982BBC22D600EC6139 /* Project object */;
}
